PODS:
  - CalculateCalendarLogic (0.4.0)
  - Cosmos (23.0.0)
  - FSCalendar (2.8.2)
  - NCMB (3.1.0)
  - Realm (10.5.1):
    - Realm/Headers (= 10.5.1)
  - Realm/Headers (10.5.1)
  - RealmSwift (10.5.1):
    - Realm (= 10.5.1)

DEPENDENCIES:
  - CalculateCalendarLogic
  - Cosmos
  - FSCalendar
  - NCMB (from `https://github.com/NIFCLOUD-mbaas/ncmb_ios.git`)
  - RealmSwift

SPEC REPOS:
  trunk:
    - CalculateCalendarLogic
    - Cosmos
    - FSCalendar
    - Realm
    - RealmSwift

EXTERNAL SOURCES:
  NCMB:
    :git: https://github.com/NIFCLOUD-mbaas/ncmb_ios.git

CHECKOUT OPTIONS:
  NCMB:
    :commit: f11ec347e410179817d72ac2be21f4578b11bc5f
    :git: https://github.com/NIFCLOUD-mbaas/ncmb_ios.git

SPEC CHECKSUMS:
  CalculateCalendarLogic: 84d3aff9456340ff07f7b77242a57b5d2f0ed631
  Cosmos: b5c6a9a637e28a061b54c8f8b1d8529d7d4db73f
  FSCalendar: e6a2eb9c571bf0719ed797ef807e08426753c241
  NCMB: c308972109137bf523ec1830bac16de6a31c25f4
  Realm: 77fcb4e0b9f2963ea06f584749a0d7dc9cab95e1
  RealmSwift: 6abe6aa6cd8b70cc1a87afcb9232cabea74ff1ac

PODFILE CHECKSUM: 9069ed431765acd102aca1472116ac39c4ef3878

COCOAPODS: 1.10.1
