PODS:
  - CalculateCalendarLogic (0.5.0)
  - Cosmos (23.0.0)
  - FSCalendar (2.8.2)
  - Kingfisher (6.3.1)
  - NCMB (3.1.0)
  - NYXImagesKit (2.3)
  - Realm (10.12.0):
    - Realm/Headers (= 10.12.0)
  - Realm/Headers (10.12.0)
  - RealmSwift (10.12.0):
    - Realm (= 10.12.0)
  - SkyWay (4.0.0)

DEPENDENCIES:
  - CalculateCalendarLogic
  - Cosmos
  - FSCalendar
  - Kingfisher
  - NCMB (from `https://github.com/NIFTYCloud-mbaas/ncmb_ios.git`, branch `develop`)
  - NYXImagesKit
  - RealmSwift
  - SkyWay

SPEC REPOS:
  trunk:
    - CalculateCalendarLogic
    - Cosmos
    - FSCalendar
    - Kingfisher
    - NYXImagesKit
    - Realm
    - RealmSwift
    - SkyWay

EXTERNAL SOURCES:
  NCMB:
    :branch: develop
    :git: https://github.com/NIFTYCloud-mbaas/ncmb_ios.git

CHECKOUT OPTIONS:
  NCMB:
    :commit: 262f556918acc06399ae896485fb3be4781846d8
    :git: https://github.com/NIFTYCloud-mbaas/ncmb_ios.git

SPEC CHECKSUMS:
  CalculateCalendarLogic: d14189787cd47766e64281b2686608afea07ae4d
  Cosmos: b5c6a9a637e28a061b54c8f8b1d8529d7d4db73f
  FSCalendar: e6a2eb9c571bf0719ed797ef807e08426753c241
  Kingfisher: 016c8b653a35add51dd34a3aba36b580041acc74
  NCMB: c308972109137bf523ec1830bac16de6a31c25f4
  NYXImagesKit: 8163e3335a40eaa173ca5bbbf81fafb57d3947eb
  Realm: 32488213acb44660539c619d620cec1bac046166
  RealmSwift: 0abdca6231d5ff8a4f84cef9c1121ef95a483faf
  SkyWay: 24cd00112f673b3f72b47b399838151407501446

PODFILE CHECKSUM: f8f415f7033264b3daf6196842d0b9d264354426

COCOAPODS: 1.10.1
