PODS:
  - CalculateCalendarLogic (0.4.0)
  - Cosmos (23.0.0)
  - FSCalendar (2.8.2)
  - Kingfisher (6.2.1)
  - NCMB (3.1.0)
  - NYXImagesKit (2.3)
  - Realm (10.7.2):
    - Realm/Headers (= 10.7.2)
  - Realm/Headers (10.7.2)
  - RealmSwift (10.7.2):
    - Realm (= 10.7.2)

DEPENDENCIES:
  - CalculateCalendarLogic
  - Cosmos
  - FSCalendar
  - Kingfisher
  - NCMB (from `https://github.com/NIFCLOUD-mbaas/ncmb_ios.git`)
  - NYXImagesKit
  - RealmSwift

SPEC REPOS:
  trunk:
    - CalculateCalendarLogic
    - Cosmos
    - FSCalendar
    - Kingfisher
    - NYXImagesKit
    - Realm
    - RealmSwift

EXTERNAL SOURCES:
  NCMB:
    :git: https://github.com/NIFCLOUD-mbaas/ncmb_ios.git

CHECKOUT OPTIONS:
  NCMB:
    :commit: f11ec347e410179817d72ac2be21f4578b11bc5f
    :git: https://github.com/NIFCLOUD-mbaas/ncmb_ios.git

SPEC CHECKSUMS:
  CalculateCalendarLogic: 84d3aff9456340ff07f7b77242a57b5d2f0ed631
  Cosmos: b5c6a9a637e28a061b54c8f8b1d8529d7d4db73f
  FSCalendar: e6a2eb9c571bf0719ed797ef807e08426753c241
  Kingfisher: e71c6fac2aebb1262888cabc2cb13d313362a48f
  NCMB: c308972109137bf523ec1830bac16de6a31c25f4
  NYXImagesKit: 8163e3335a40eaa173ca5bbbf81fafb57d3947eb
  Realm: e523da9ade306c5ae87e85dc09fdef148d3e1cc1
  RealmSwift: 4f6758c3adbdcc87f7b7777107226532a077f61c

PODFILE CHECKSUM: 5f78814156880575ef30dac308508cfdd6791bf9

COCOAPODS: 1.10.1
