// !$*UTF8*$!
{
	archiveVersion = 1;
	classes = {
	};
	objectVersion = 51;
	objects = {

/* Begin PBXBuildFile section */
		043079AE266A3E5D00247080 /* TransformateExtensions.swift in Sources */ = {isa = PBXBuildFile; fileRef = 043079AD266A3E5D00247080 /* TransformateExtensions.swift */; };
		043079B2266A486900247080 /* AlertExtensions.swift in Sources */ = {isa = PBXBuildFile; fileRef = 043079B1266A486900247080 /* AlertExtensions.swift */; };
		043079B4266A48D600247080 /* SetImageExtensions.swift in Sources */ = {isa = PBXBuildFile; fileRef = 043079B3266A48D600247080 /* SetImageExtensions.swift */; };
		043079B6266A493600247080 /* RailsExtensions.swift in Sources */ = {isa = PBXBuildFile; fileRef = 043079B5266A493600247080 /* RailsExtensions.swift */; };
		043079C2266A4B2A00247080 /* FollowExtensions.swift in Sources */ = {isa = PBXBuildFile; fileRef = 043079C1266A4B2A00247080 /* FollowExtensions.swift */; };
		0433E3A525D54709002A6BE5 /* Report.swift in Sources */ = {isa = PBXBuildFile; fileRef = 0433E3A425D54709002A6BE5 /* Report.swift */; };
		0433E3A925D54B09002A6BE5 /* ReportTableViewCell.swift in Sources */ = {isa = PBXBuildFile; fileRef = 0433E3A725D54B09002A6BE5 /* ReportTableViewCell.swift */; };
		0433E3AA25D54B09002A6BE5 /* ReportTableViewCell.xib in Resources */ = {isa = PBXBuildFile; fileRef = 0433E3A825D54B09002A6BE5 /* ReportTableViewCell.xib */; };
		0433E3AE25D5584B002A6BE5 /* StudentViewController.swift in Sources */ = {isa = PBXBuildFile; fileRef = 0433E3AD25D5584B002A6BE5 /* StudentViewController.swift */; };
		043A9DB525D80D1600587B0E /* SignUpViewController.swift in Sources */ = {isa = PBXBuildFile; fileRef = 043A9DB125D80D1500587B0E /* SignUpViewController.swift */; };
		043A9DB625D80D1600587B0E /* UserPageViewController.swift in Sources */ = {isa = PBXBuildFile; fileRef = 043A9DB225D80D1500587B0E /* UserPageViewController.swift */; };
		043A9DB725D80D1600587B0E /* SignIn.storyboard in Resources */ = {isa = PBXBuildFile; fileRef = 043A9DB325D80D1500587B0E /* SignIn.storyboard */; };
		043A9DB825D80D1600587B0E /* SignInViewController.swift in Sources */ = {isa = PBXBuildFile; fileRef = 043A9DB425D80D1500587B0E /* SignInViewController.swift */; };
		0441D9A12619F5D4002DC165 /* ReportViewController.swift in Sources */ = {isa = PBXBuildFile; fileRef = 0441D9A02619F5D4002DC165 /* ReportViewController.swift */; };
		044BD1C5265D2DD000A169FC /* CalenderExtension.swift in Sources */ = {isa = PBXBuildFile; fileRef = 044BD1C4265D2DD000A169FC /* CalenderExtension.swift */; };
		044E43BA2688A6E100956C72 /* ScheduleAndLecture.swift in Sources */ = {isa = PBXBuildFile; fileRef = 044E43B92688A6E100956C72 /* ScheduleAndLecture.swift */; };
		044E43BC2688ABB700956C72 /* ScheduleExtension.swift in Sources */ = {isa = PBXBuildFile; fileRef = 044E43BB2688ABB700956C72 /* ScheduleExtension.swift */; };
		04526A8A265EA25D00969BEC /* TimeSchaduleInput.swift in Sources */ = {isa = PBXBuildFile; fileRef = 04526A89265EA25D00969BEC /* TimeSchaduleInput.swift */; };
		0459388B25D149C600A0E3C8 /* creating.png in Resources */ = {isa = PBXBuildFile; fileRef = 0459388A25D149C100A0E3C8 /* creating.png */; };
		0459388D25D149C900A0E3C8 /* studentNoImage.png in Resources */ = {isa = PBXBuildFile; fileRef = 0459388925D149C100A0E3C8 /* studentNoImage.png */; };
		0459388F25D149CC00A0E3C8 /* teacherNoImage.png in Resources */ = {isa = PBXBuildFile; fileRef = 0459388825D149C100A0E3C8 /* teacherNoImage.png */; };
		04A7E96C25AF2B4900C0F43C /* AppDelegate.swift in Sources */ = {isa = PBXBuildFile; fileRef = 04A7E96B25AF2B4900C0F43C /* AppDelegate.swift */; };
		04A7E96E25AF2B4900C0F43C /* SceneDelegate.swift in Sources */ = {isa = PBXBuildFile; fileRef = 04A7E96D25AF2B4900C0F43C /* SceneDelegate.swift */; };
		04A7E97025AF2B4900C0F43C /* ViewController.swift in Sources */ = {isa = PBXBuildFile; fileRef = 04A7E96F25AF2B4900C0F43C /* ViewController.swift */; };
		04A7E97325AF2B4900C0F43C /* Main.storyboard in Resources */ = {isa = PBXBuildFile; fileRef = 04A7E97125AF2B4900C0F43C /* Main.storyboard */; };
		04A7E97525AF2B4A00C0F43C /* Assets.xcassets in Resources */ = {isa = PBXBuildFile; fileRef = 04A7E97425AF2B4A00C0F43C /* Assets.xcassets */; };
		04A7E97825AF2B4A00C0F43C /* LaunchScreen.storyboard in Resources */ = {isa = PBXBuildFile; fileRef = 04A7E97625AF2B4A00C0F43C /* LaunchScreen.storyboard */; };
		04A7E98425AF2D0500C0F43C /* NCMBUserExtensions.swift in Sources */ = {isa = PBXBuildFile; fileRef = 04A7E98325AF2D0500C0F43C /* NCMBUserExtensions.swift */; };
		04ACB8B525DB2A7200916C15 /* GlobalParameters.swift in Sources */ = {isa = PBXBuildFile; fileRef = 04ACB8B425DB2A7200916C15 /* GlobalParameters.swift */; };
		04B39D1925D43D57003EDECE /* StudentDetailViewController.swift in Sources */ = {isa = PBXBuildFile; fileRef = 04B39D1825D43D57003EDECE /* StudentDetailViewController.swift */; };
		04B39D1E25D43E34003EDECE /* StudentInfoTableViewCell.swift in Sources */ = {isa = PBXBuildFile; fileRef = 04B39D1C25D43E34003EDECE /* StudentInfoTableViewCell.swift */; };
		04B39D1F25D43E34003EDECE /* StudentInfoTableViewCell.xib in Resources */ = {isa = PBXBuildFile; fileRef = 04B39D1D25D43E34003EDECE /* StudentInfoTableViewCell.xib */; };
		04EA678F25BC8A8F005F0D06 /* User.swift in Sources */ = {isa = PBXBuildFile; fileRef = 04EA678E25BC8A8F005F0D06 /* User.swift */; };
		04EEA6BE2684B298003E171A /* Calender.storyboard in Resources */ = {isa = PBXBuildFile; fileRef = 04EEA6BD2684B298003E171A /* Calender.storyboard */; };
		04EEA6C02684BD19003E171A /* NormalEventViewController.swift in Sources */ = {isa = PBXBuildFile; fileRef = 04EEA6BF2684BD19003E171A /* NormalEventViewController.swift */; };
		1B55D80425D3FFD9006BAE51 /* Event.swift in Sources */ = {isa = PBXBuildFile; fileRef = 1B55D80325D3FFD9006BAE51 /* Event.swift */; };
		1B55D80725D40008006BAE51 /* CalendarViewController.swift in Sources */ = {isa = PBXBuildFile; fileRef = 1B55D80625D40008006BAE51 /* CalendarViewController.swift */; };
		1B55D80A25D41365006BAE51 /* EventViewController.swift in Sources */ = {isa = PBXBuildFile; fileRef = 1B55D80925D41365006BAE51 /* EventViewController.swift */; };
		1BA0CFBE25E7D8B80008FF43 /* iTunesArtwork@1x.png in Resources */ = {isa = PBXBuildFile; fileRef = 1BA0CFAA25E7D8B80008FF43 /* iTunesArtwork@1x.png */; };
		1BA0CFBF25E7D8B80008FF43 /* Icon-App-76x76@2x.png in Resources */ = {isa = PBXBuildFile; fileRef = 1BA0CFAC25E7D8B80008FF43 /* Icon-App-76x76@2x.png */; };
		1BA0CFC025E7D8B80008FF43 /* Icon-App-29x29@1x.png in Resources */ = {isa = PBXBuildFile; fileRef = 1BA0CFAD25E7D8B80008FF43 /* Icon-App-29x29@1x.png */; };
		1BA0CFC125E7D8B80008FF43 /* Icon-App-40x40@1x.png in Resources */ = {isa = PBXBuildFile; fileRef = 1BA0CFAE25E7D8B80008FF43 /* Icon-App-40x40@1x.png */; };
		1BA0CFC225E7D8B80008FF43 /* Icon-App-20x20@1x.png in Resources */ = {isa = PBXBuildFile; fileRef = 1BA0CFAF25E7D8B80008FF43 /* Icon-App-20x20@1x.png */; };
		1BA0CFC325E7D8B80008FF43 /* Icon-App-83.5x83.5@2x.png in Resources */ = {isa = PBXBuildFile; fileRef = 1BA0CFB025E7D8B80008FF43 /* Icon-App-83.5x83.5@2x.png */; };
		1BA0CFC425E7D8B80008FF43 /* Icon-App-20x20@3x.png in Resources */ = {isa = PBXBuildFile; fileRef = 1BA0CFB125E7D8B80008FF43 /* Icon-App-20x20@3x.png */; };
		1BA0CFC525E7D8B80008FF43 /* ItunesArtwork@2x.png in Resources */ = {isa = PBXBuildFile; fileRef = 1BA0CFB225E7D8B80008FF43 /* ItunesArtwork@2x.png */; };
		1BA0CFC625E7D8B80008FF43 /* Contents.json in Resources */ = {isa = PBXBuildFile; fileRef = 1BA0CFB325E7D8B80008FF43 /* Contents.json */; };
		1BA0CFC725E7D8B80008FF43 /* Icon-App-20x20@2x.png in Resources */ = {isa = PBXBuildFile; fileRef = 1BA0CFB425E7D8B80008FF43 /* Icon-App-20x20@2x.png */; };
		1BA0CFC825E7D8B80008FF43 /* Icon-App-29x29@3x.png in Resources */ = {isa = PBXBuildFile; fileRef = 1BA0CFB525E7D8B80008FF43 /* Icon-App-29x29@3x.png */; };
		1BA0CFC925E7D8B80008FF43 /* Icon-App-40x40@2x.png in Resources */ = {isa = PBXBuildFile; fileRef = 1BA0CFB625E7D8B80008FF43 /* Icon-App-40x40@2x.png */; };
		1BA0CFCA25E7D8B80008FF43 /* Icon-App-60x60@3x.png in Resources */ = {isa = PBXBuildFile; fileRef = 1BA0CFB725E7D8B80008FF43 /* Icon-App-60x60@3x.png */; };
		1BA0CFCB25E7D8B80008FF43 /* Icon-App-60x60@2x.png in Resources */ = {isa = PBXBuildFile; fileRef = 1BA0CFB825E7D8B80008FF43 /* Icon-App-60x60@2x.png */; };
		1BA0CFCC25E7D8B80008FF43 /* Icon-App-76x76@1x.png in Resources */ = {isa = PBXBuildFile; fileRef = 1BA0CFB925E7D8B80008FF43 /* Icon-App-76x76@1x.png */; };
		1BA0CFCD25E7D8B80008FF43 /* Icon-App-40x40@3x.png in Resources */ = {isa = PBXBuildFile; fileRef = 1BA0CFBA25E7D8B80008FF43 /* Icon-App-40x40@3x.png */; };
		1BA0CFCE25E7D8B80008FF43 /* Icon-App-29x29@2x.png in Resources */ = {isa = PBXBuildFile; fileRef = 1BA0CFBB25E7D8B80008FF43 /* Icon-App-29x29@2x.png */; };
		1BA0CFCF25E7D8B80008FF43 /* iTunesArtwork@2x.png in Resources */ = {isa = PBXBuildFile; fileRef = 1BA0CFBC25E7D8B80008FF43 /* iTunesArtwork@2x.png */; };
		1BA0CFD025E7D8B80008FF43 /* iTunesArtwork@3x.png in Resources */ = {isa = PBXBuildFile; fileRef = 1BA0CFBD25E7D8B80008FF43 /* iTunesArtwork@3x.png */; };
		1F08D94325E69F920002E0AA /* Questionnaire_subViewController.swift in Sources */ = {isa = PBXBuildFile; fileRef = 1F08D94025E69F920002E0AA /* Questionnaire_subViewController.swift */; };
		1F08D94425E69F920002E0AA /* Questionnaire.swift in Sources */ = {isa = PBXBuildFile; fileRef = 1F08D94125E69F920002E0AA /* Questionnaire.swift */; };
		1F08D94525E69F920002E0AA /* Questionnaire.storyboard in Resources */ = {isa = PBXBuildFile; fileRef = 1F08D94225E69F920002E0AA /* Questionnaire.storyboard */; };
		1F08D94D25E6A0890002E0AA /* ScreenSize.swift in Sources */ = {isa = PBXBuildFile; fileRef = 1F08D94925E6A0890002E0AA /* ScreenSize.swift */; };
		1F08D94E25E6A0890002E0AA /* Opening1ViewController.swift in Sources */ = {isa = PBXBuildFile; fileRef = 1F08D94A25E6A0890002E0AA /* Opening1ViewController.swift */; };
		1F08D94F25E6A0890002E0AA /* Opening2ViewController.swift in Sources */ = {isa = PBXBuildFile; fileRef = 1F08D94B25E6A0890002E0AA /* Opening2ViewController.swift */; };
		1F08D95025E6A0890002E0AA /* Opening.storyboard in Resources */ = {isa = PBXBuildFile; fileRef = 1F08D94C25E6A0890002E0AA /* Opening.storyboard */; };
		1F0D921125E14A4C00503048 /* ForgetPasswordViewController.swift in Sources */ = {isa = PBXBuildFile; fileRef = 1F0D921025E14A4C00503048 /* ForgetPasswordViewController.swift */; };
		1F185222265F917E005666DE /* RadioButton.swift in Sources */ = {isa = PBXBuildFile; fileRef = 1F185221265F917E005666DE /* RadioButton.swift */; };
		1F2D2CC1264D4840008C9E30 /* Student.storyboard in Resources */ = {isa = PBXBuildFile; fileRef = 1F2D2CC0264D4840008C9E30 /* Student.storyboard */; };
		1F2D2CC4264D5325008C9E30 /* ReportDetailViewController.swift in Sources */ = {isa = PBXBuildFile; fileRef = 1F2D2CC3264D5325008C9E30 /* ReportDetailViewController.swift */; };
		1F3603E6269729B400B78DB6 /* StudentTableViewCell.swift in Sources */ = {isa = PBXBuildFile; fileRef = 1F3603E4269729B400B78DB6 /* StudentTableViewCell.swift */; };
		1F3603E7269729B400B78DB6 /* StudentTableViewCell.xib in Resources */ = {isa = PBXBuildFile; fileRef = 1F3603E5269729B400B78DB6 /* StudentTableViewCell.xib */; };
		1F3FD57225E66D9000947E1C /* CheckBox.swift in Sources */ = {isa = PBXBuildFile; fileRef = 1F3FD57125E66D9000947E1C /* CheckBox.swift */; };
		1F3FD57525E66D9A00947E1C /* Design.swift in Sources */ = {isa = PBXBuildFile; fileRef = 1F3FD57425E66D9A00947E1C /* Design.swift */; };
		1F3FD57825E68B4200947E1C /* EditUserPageViewController.swift in Sources */ = {isa = PBXBuildFile; fileRef = 1F3FD57725E68B4200947E1C /* EditUserPageViewController.swift */; };
		1F947C4A2684A555007F2FC7 /* TimeRange.swift in Sources */ = {isa = PBXBuildFile; fileRef = 1F947C492684A555007F2FC7 /* TimeRange.swift */; };
		1FDD508926568EB20064B94C /* DocumentsViewController.swift in Sources */ = {isa = PBXBuildFile; fileRef = 1FDD508826568EB20064B94C /* DocumentsViewController.swift */; };
		B123C8D481952C9E0A702E92 /* Pods_iProjectTeacher.framework in Frameworks */ = {isa = PBXBuildFile; fileRef = D3759B1903BBE7A837BFD9A5 /* Pods_iProjectTeacher.framework */; };
/* End PBXBuildFile section */

/* Begin PBXFileReference section */
		043079AD266A3E5D00247080 /* TransformateExtensions.swift */ = {isa = PBXFileReference; lastKnownFileType = sourcecode.swift; path = TransformateExtensions.swift; sourceTree = "<group>"; };
		043079B1266A486900247080 /* AlertExtensions.swift */ = {isa = PBXFileReference; lastKnownFileType = sourcecode.swift; path = AlertExtensions.swift; sourceTree = "<group>"; };
		043079B3266A48D600247080 /* SetImageExtensions.swift */ = {isa = PBXFileReference; lastKnownFileType = sourcecode.swift; path = SetImageExtensions.swift; sourceTree = "<group>"; };
		043079B5266A493600247080 /* RailsExtensions.swift */ = {isa = PBXFileReference; lastKnownFileType = sourcecode.swift; path = RailsExtensions.swift; sourceTree = "<group>"; };
		043079C1266A4B2A00247080 /* FollowExtensions.swift */ = {isa = PBXFileReference; fileEncoding = 4; lastKnownFileType = sourcecode.swift; path = FollowExtensions.swift; sourceTree = "<group>"; };
		0433E3A425D54709002A6BE5 /* Report.swift */ = {isa = PBXFileReference; lastKnownFileType = sourcecode.swift; path = Report.swift; sourceTree = "<group>"; };
		0433E3A725D54B09002A6BE5 /* ReportTableViewCell.swift */ = {isa = PBXFileReference; lastKnownFileType = sourcecode.swift; path = ReportTableViewCell.swift; sourceTree = "<group>"; };
		0433E3A825D54B09002A6BE5 /* ReportTableViewCell.xib */ = {isa = PBXFileReference; lastKnownFileType = file.xib; path = ReportTableViewCell.xib; sourceTree = "<group>"; };
		0433E3AD25D5584B002A6BE5 /* StudentViewController.swift */ = {isa = PBXFileReference; lastKnownFileType = sourcecode.swift; path = StudentViewController.swift; sourceTree = "<group>"; };
		043A9DB125D80D1500587B0E /* SignUpViewController.swift */ = {isa = PBXFileReference; fileEncoding = 4; lastKnownFileType = sourcecode.swift; path = SignUpViewController.swift; sourceTree = "<group>"; };
		043A9DB225D80D1500587B0E /* UserPageViewController.swift */ = {isa = PBXFileReference; fileEncoding = 4; lastKnownFileType = sourcecode.swift; path = UserPageViewController.swift; sourceTree = "<group>"; };
		043A9DB325D80D1500587B0E /* SignIn.storyboard */ = {isa = PBXFileReference; fileEncoding = 4; lastKnownFileType = file.storyboard; path = SignIn.storyboard; sourceTree = "<group>"; };
		043A9DB425D80D1500587B0E /* SignInViewController.swift */ = {isa = PBXFileReference; fileEncoding = 4; lastKnownFileType = sourcecode.swift; path = SignInViewController.swift; sourceTree = "<group>"; };
		0441D9A02619F5D4002DC165 /* ReportViewController.swift */ = {isa = PBXFileReference; lastKnownFileType = sourcecode.swift; path = ReportViewController.swift; sourceTree = "<group>"; };
		044BD1C4265D2DD000A169FC /* CalenderExtension.swift */ = {isa = PBXFileReference; fileEncoding = 4; lastKnownFileType = sourcecode.swift; path = CalenderExtension.swift; sourceTree = "<group>"; };
		044E43B92688A6E100956C72 /* ScheduleAndLecture.swift */ = {isa = PBXFileReference; fileEncoding = 4; lastKnownFileType = sourcecode.swift; path = ScheduleAndLecture.swift; sourceTree = "<group>"; };
		044E43BB2688ABB700956C72 /* ScheduleExtension.swift */ = {isa = PBXFileReference; lastKnownFileType = sourcecode.swift; path = ScheduleExtension.swift; sourceTree = "<group>"; };
		04526A89265EA25D00969BEC /* TimeSchaduleInput.swift */ = {isa = PBXFileReference; lastKnownFileType = sourcecode.swift; path = TimeSchaduleInput.swift; sourceTree = "<group>"; };
		0459388825D149C100A0E3C8 /* teacherNoImage.png */ = {isa = PBXFileReference; lastKnownFileType = image.png; path = teacherNoImage.png; sourceTree = "<group>"; };
		0459388925D149C100A0E3C8 /* studentNoImage.png */ = {isa = PBXFileReference; lastKnownFileType = image.png; path = studentNoImage.png; sourceTree = "<group>"; };
		0459388A25D149C100A0E3C8 /* creating.png */ = {isa = PBXFileReference; lastKnownFileType = image.png; path = creating.png; sourceTree = "<group>"; };
		04A7E96825AF2B4900C0F43C /* iProjectTeacher.app */ = {isa = PBXFileReference; explicitFileType = wrapper.application; includeInIndex = 0; path = iProjectTeacher.app; sourceTree = BUILT_PRODUCTS_DIR; };
		04A7E96B25AF2B4900C0F43C /* AppDelegate.swift */ = {isa = PBXFileReference; lastKnownFileType = sourcecode.swift; path = AppDelegate.swift; sourceTree = "<group>"; };
		04A7E96D25AF2B4900C0F43C /* SceneDelegate.swift */ = {isa = PBXFileReference; lastKnownFileType = sourcecode.swift; path = SceneDelegate.swift; sourceTree = "<group>"; };
		04A7E96F25AF2B4900C0F43C /* ViewController.swift */ = {isa = PBXFileReference; lastKnownFileType = sourcecode.swift; path = ViewController.swift; sourceTree = "<group>"; };
		04A7E97225AF2B4900C0F43C /* Base */ = {isa = PBXFileReference; lastKnownFileType = file.storyboard; name = Base; path = Base.lproj/Main.storyboard; sourceTree = "<group>"; };
		04A7E97425AF2B4A00C0F43C /* Assets.xcassets */ = {isa = PBXFileReference; lastKnownFileType = folder.assetcatalog; path = Assets.xcassets; sourceTree = "<group>"; };
		04A7E97725AF2B4A00C0F43C /* Base */ = {isa = PBXFileReference; lastKnownFileType = file.storyboard; name = Base; path = Base.lproj/LaunchScreen.storyboard; sourceTree = "<group>"; };
		04A7E97925AF2B4A00C0F43C /* Info.plist */ = {isa = PBXFileReference; lastKnownFileType = text.plist.xml; path = Info.plist; sourceTree = "<group>"; };
		04A7E98325AF2D0500C0F43C /* NCMBUserExtensions.swift */ = {isa = PBXFileReference; fileEncoding = 4; lastKnownFileType = sourcecode.swift; path = NCMBUserExtensions.swift; sourceTree = "<group>"; };
		04ACB8B425DB2A7200916C15 /* GlobalParameters.swift */ = {isa = PBXFileReference; lastKnownFileType = sourcecode.swift; path = GlobalParameters.swift; sourceTree = "<group>"; };
		04B39D1825D43D57003EDECE /* StudentDetailViewController.swift */ = {isa = PBXFileReference; lastKnownFileType = sourcecode.swift; path = StudentDetailViewController.swift; sourceTree = "<group>"; };
		04B39D1C25D43E34003EDECE /* StudentInfoTableViewCell.swift */ = {isa = PBXFileReference; lastKnownFileType = sourcecode.swift; path = StudentInfoTableViewCell.swift; sourceTree = "<group>"; };
		04B39D1D25D43E34003EDECE /* StudentInfoTableViewCell.xib */ = {isa = PBXFileReference; lastKnownFileType = file.xib; path = StudentInfoTableViewCell.xib; sourceTree = "<group>"; };
		04EA678E25BC8A8F005F0D06 /* User.swift */ = {isa = PBXFileReference; fileEncoding = 4; lastKnownFileType = sourcecode.swift; path = User.swift; sourceTree = "<group>"; };
		04EEA6BD2684B298003E171A /* Calender.storyboard */ = {isa = PBXFileReference; lastKnownFileType = file.storyboard; path = Calender.storyboard; sourceTree = "<group>"; };
		04EEA6BF2684BD19003E171A /* NormalEventViewController.swift */ = {isa = PBXFileReference; lastKnownFileType = sourcecode.swift; path = NormalEventViewController.swift; sourceTree = "<group>"; };
		1B55D80325D3FFD9006BAE51 /* Event.swift */ = {isa = PBXFileReference; lastKnownFileType = sourcecode.swift; path = Event.swift; sourceTree = "<group>"; };
		1B55D80625D40008006BAE51 /* CalendarViewController.swift */ = {isa = PBXFileReference; lastKnownFileType = sourcecode.swift; path = CalendarViewController.swift; sourceTree = "<group>"; };
		1B55D80925D41365006BAE51 /* EventViewController.swift */ = {isa = PBXFileReference; lastKnownFileType = sourcecode.swift; path = EventViewController.swift; sourceTree = "<group>"; };
		1BA0CFAA25E7D8B80008FF43 /* iTunesArtwork@1x.png */ = {isa = PBXFileReference; lastKnownFileType = image.png; path = "iTunesArtwork@1x.png"; sourceTree = "<group>"; };
		1BA0CFAC25E7D8B80008FF43 /* Icon-App-76x76@2x.png */ = {isa = PBXFileReference; lastKnownFileType = image.png; path = "Icon-App-76x76@2x.png"; sourceTree = "<group>"; };
		1BA0CFAD25E7D8B80008FF43 /* Icon-App-29x29@1x.png */ = {isa = PBXFileReference; lastKnownFileType = image.png; path = "Icon-App-29x29@1x.png"; sourceTree = "<group>"; };
		1BA0CFAE25E7D8B80008FF43 /* Icon-App-40x40@1x.png */ = {isa = PBXFileReference; lastKnownFileType = image.png; path = "Icon-App-40x40@1x.png"; sourceTree = "<group>"; };
		1BA0CFAF25E7D8B80008FF43 /* Icon-App-20x20@1x.png */ = {isa = PBXFileReference; lastKnownFileType = image.png; path = "Icon-App-20x20@1x.png"; sourceTree = "<group>"; };
		1BA0CFB025E7D8B80008FF43 /* Icon-App-83.5x83.5@2x.png */ = {isa = PBXFileReference; lastKnownFileType = image.png; path = "Icon-App-83.5x83.5@2x.png"; sourceTree = "<group>"; };
		1BA0CFB125E7D8B80008FF43 /* Icon-App-20x20@3x.png */ = {isa = PBXFileReference; lastKnownFileType = image.png; path = "Icon-App-20x20@3x.png"; sourceTree = "<group>"; };
		1BA0CFB225E7D8B80008FF43 /* ItunesArtwork@2x.png */ = {isa = PBXFileReference; lastKnownFileType = image.png; path = "ItunesArtwork@2x.png"; sourceTree = "<group>"; };
		1BA0CFB325E7D8B80008FF43 /* Contents.json */ = {isa = PBXFileReference; fileEncoding = 4; lastKnownFileType = text.json; path = Contents.json; sourceTree = "<group>"; };
		1BA0CFB425E7D8B80008FF43 /* Icon-App-20x20@2x.png */ = {isa = PBXFileReference; lastKnownFileType = image.png; path = "Icon-App-20x20@2x.png"; sourceTree = "<group>"; };
		1BA0CFB525E7D8B80008FF43 /* Icon-App-29x29@3x.png */ = {isa = PBXFileReference; lastKnownFileType = image.png; path = "Icon-App-29x29@3x.png"; sourceTree = "<group>"; };
		1BA0CFB625E7D8B80008FF43 /* Icon-App-40x40@2x.png */ = {isa = PBXFileReference; lastKnownFileType = image.png; path = "Icon-App-40x40@2x.png"; sourceTree = "<group>"; };
		1BA0CFB725E7D8B80008FF43 /* Icon-App-60x60@3x.png */ = {isa = PBXFileReference; lastKnownFileType = image.png; path = "Icon-App-60x60@3x.png"; sourceTree = "<group>"; };
		1BA0CFB825E7D8B80008FF43 /* Icon-App-60x60@2x.png */ = {isa = PBXFileReference; lastKnownFileType = image.png; path = "Icon-App-60x60@2x.png"; sourceTree = "<group>"; };
		1BA0CFB925E7D8B80008FF43 /* Icon-App-76x76@1x.png */ = {isa = PBXFileReference; lastKnownFileType = image.png; path = "Icon-App-76x76@1x.png"; sourceTree = "<group>"; };
		1BA0CFBA25E7D8B80008FF43 /* Icon-App-40x40@3x.png */ = {isa = PBXFileReference; lastKnownFileType = image.png; path = "Icon-App-40x40@3x.png"; sourceTree = "<group>"; };
		1BA0CFBB25E7D8B80008FF43 /* Icon-App-29x29@2x.png */ = {isa = PBXFileReference; lastKnownFileType = image.png; path = "Icon-App-29x29@2x.png"; sourceTree = "<group>"; };
		1BA0CFBC25E7D8B80008FF43 /* iTunesArtwork@2x.png */ = {isa = PBXFileReference; lastKnownFileType = image.png; path = "iTunesArtwork@2x.png"; sourceTree = "<group>"; };
		1BA0CFBD25E7D8B80008FF43 /* iTunesArtwork@3x.png */ = {isa = PBXFileReference; lastKnownFileType = image.png; path = "iTunesArtwork@3x.png"; sourceTree = "<group>"; };
		1F08D94025E69F920002E0AA /* Questionnaire_subViewController.swift */ = {isa = PBXFileReference; fileEncoding = 4; lastKnownFileType = sourcecode.swift; path = Questionnaire_subViewController.swift; sourceTree = "<group>"; };
		1F08D94125E69F920002E0AA /* Questionnaire.swift */ = {isa = PBXFileReference; fileEncoding = 4; lastKnownFileType = sourcecode.swift; path = Questionnaire.swift; sourceTree = "<group>"; };
		1F08D94225E69F920002E0AA /* Questionnaire.storyboard */ = {isa = PBXFileReference; fileEncoding = 4; lastKnownFileType = file.storyboard; path = Questionnaire.storyboard; sourceTree = "<group>"; };
		1F08D94925E6A0890002E0AA /* ScreenSize.swift */ = {isa = PBXFileReference; fileEncoding = 4; lastKnownFileType = sourcecode.swift; path = ScreenSize.swift; sourceTree = "<group>"; };
		1F08D94A25E6A0890002E0AA /* Opening1ViewController.swift */ = {isa = PBXFileReference; fileEncoding = 4; lastKnownFileType = sourcecode.swift; path = Opening1ViewController.swift; sourceTree = "<group>"; };
		1F08D94B25E6A0890002E0AA /* Opening2ViewController.swift */ = {isa = PBXFileReference; fileEncoding = 4; lastKnownFileType = sourcecode.swift; path = Opening2ViewController.swift; sourceTree = "<group>"; };
		1F08D94C25E6A0890002E0AA /* Opening.storyboard */ = {isa = PBXFileReference; fileEncoding = 4; lastKnownFileType = file.storyboard; path = Opening.storyboard; sourceTree = "<group>"; };
		1F0D921025E14A4C00503048 /* ForgetPasswordViewController.swift */ = {isa = PBXFileReference; lastKnownFileType = sourcecode.swift; path = ForgetPasswordViewController.swift; sourceTree = "<group>"; };
		1F185221265F917E005666DE /* RadioButton.swift */ = {isa = PBXFileReference; lastKnownFileType = sourcecode.swift; path = RadioButton.swift; sourceTree = "<group>"; };
		1F2D2CC0264D4840008C9E30 /* Student.storyboard */ = {isa = PBXFileReference; lastKnownFileType = file.storyboard; path = Student.storyboard; sourceTree = "<group>"; };
		1F2D2CC3264D5325008C9E30 /* ReportDetailViewController.swift */ = {isa = PBXFileReference; lastKnownFileType = sourcecode.swift; path = ReportDetailViewController.swift; sourceTree = "<group>"; };
		1F3603E4269729B400B78DB6 /* StudentTableViewCell.swift */ = {isa = PBXFileReference; lastKnownFileType = sourcecode.swift; path = StudentTableViewCell.swift; sourceTree = "<group>"; };
		1F3603E5269729B400B78DB6 /* StudentTableViewCell.xib */ = {isa = PBXFileReference; lastKnownFileType = file.xib; path = StudentTableViewCell.xib; sourceTree = "<group>"; };
		1F3FD57125E66D9000947E1C /* CheckBox.swift */ = {isa = PBXFileReference; fileEncoding = 4; lastKnownFileType = sourcecode.swift; path = CheckBox.swift; sourceTree = "<group>"; };
		1F3FD57425E66D9A00947E1C /* Design.swift */ = {isa = PBXFileReference; fileEncoding = 4; lastKnownFileType = sourcecode.swift; path = Design.swift; sourceTree = "<group>"; };
		1F3FD57725E68B4200947E1C /* EditUserPageViewController.swift */ = {isa = PBXFileReference; lastKnownFileType = sourcecode.swift; path = EditUserPageViewController.swift; sourceTree = "<group>"; };
		1F947C492684A555007F2FC7 /* TimeRange.swift */ = {isa = PBXFileReference; lastKnownFileType = sourcecode.swift; path = TimeRange.swift; sourceTree = "<group>"; };
		1FDD508826568EB20064B94C /* DocumentsViewController.swift */ = {isa = PBXFileReference; lastKnownFileType = sourcecode.swift; path = DocumentsViewController.swift; sourceTree = "<group>"; };
		D3759B1903BBE7A837BFD9A5 /* Pods_iProjectTeacher.framework */ = {isa = PBXFileReference; explicitFileType = wrapper.framework; includeInIndex = 0; path = Pods_iProjectTeacher.framework; sourceTree = BUILT_PRODUCTS_DIR; };
		DA086042A27D7B93DB7D0EC3 /* Pods-iProjectTeacher.debug.xcconfig */ = {isa = PBXFileReference; includeInIndex = 1; lastKnownFileType = text.xcconfig; name = "Pods-iProjectTeacher.debug.xcconfig"; path = "Target Support Files/Pods-iProjectTeacher/Pods-iProjectTeacher.debug.xcconfig"; sourceTree = "<group>"; };
		DAA621FD172288AB5F2AF65B /* Pods-iProjectTeacher.release.xcconfig */ = {isa = PBXFileReference; includeInIndex = 1; lastKnownFileType = text.xcconfig; name = "Pods-iProjectTeacher.release.xcconfig"; path = "Target Support Files/Pods-iProjectTeacher/Pods-iProjectTeacher.release.xcconfig"; sourceTree = "<group>"; };
/* End PBXFileReference section */

/* Begin PBXFrameworksBuildPhase section */
		04A7E96525AF2B4900C0F43C /* Frameworks */ = {
			isa = PBXFrameworksBuildPhase;
			buildActionMask = 2147483647;
			files = (
				B123C8D481952C9E0A702E92 /* Pods_iProjectTeacher.framework in Frameworks */,
			);
			runOnlyForDeploymentPostprocessing = 0;
		};
/* End PBXFrameworksBuildPhase section */

/* Begin PBXGroup section */
		043079C4266A4EAB00247080 /* User */ = {
			isa = PBXGroup;
			children = (
				043A9DB225D80D1500587B0E /* UserPageViewController.swift */,
				1F3FD57725E68B4200947E1C /* EditUserPageViewController.swift */,
			);
			path = User;
			sourceTree = "<group>";
		};
		043A9DB025D80D1500587B0E /* Sign */ = {
			isa = PBXGroup;
			children = (
				043A9DB125D80D1500587B0E /* SignUpViewController.swift */,
				043A9DB325D80D1500587B0E /* SignIn.storyboard */,
				1F0D921025E14A4C00503048 /* ForgetPasswordViewController.swift */,
				043A9DB425D80D1500587B0E /* SignInViewController.swift */,
			);
			path = Sign;
			sourceTree = "<group>";
		};
		047C4DEA25C856300082807A /* Images */ = {
			isa = PBXGroup;
			children = (
				1BA0CFA925E7D8B80008FF43 /* icons */,
				0459388A25D149C100A0E3C8 /* creating.png */,
				0459388925D149C100A0E3C8 /* studentNoImage.png */,
				0459388825D149C100A0E3C8 /* teacherNoImage.png */,
			);
			path = Images;
			sourceTree = "<group>";
		};
		04A7E95F25AF2B4900C0F43C = {
			isa = PBXGroup;
			children = (
				04A7E96A25AF2B4900C0F43C /* iProjectTeacher */,
				04A7E96925AF2B4900C0F43C /* Products */,
				4BCE1EAC3475CBE8D25AB8B3 /* Pods */,
				7A2EFDE62C9F70A5F6941F35 /* Frameworks */,
			);
			sourceTree = "<group>";
		};
		04A7E96925AF2B4900C0F43C /* Products */ = {
			isa = PBXGroup;
			children = (
				04A7E96825AF2B4900C0F43C /* iProjectTeacher.app */,
			);
			name = Products;
			sourceTree = "<group>";
		};
		04A7E96A25AF2B4900C0F43C /* iProjectTeacher */ = {
			isa = PBXGroup;
			children = (
				1F08D94825E6A0890002E0AA /* Opening */,
				047C4DEA25C856300082807A /* Images */,
				04B39D1725D43D2D003EDECE /* StudentInfo */,
				1BD9EE3F25D3AC8F001560A3 /* Calendar&Schedule */,
				043A9DB025D80D1500587B0E /* Sign */,
				1F08D93F25E69F920002E0AA /* Questionnaire */,
				1F2D2CBE264D47DE008C9E30 /* Student */,
				043079C4266A4EAB00247080 /* User */,
				04A7E96B25AF2B4900C0F43C /* AppDelegate.swift */,
				04A7E96D25AF2B4900C0F43C /* SceneDelegate.swift */,
				04A7E96F25AF2B4900C0F43C /* ViewController.swift */,
				04EA678E25BC8A8F005F0D06 /* User.swift */,
				04ACB8B425DB2A7200916C15 /* GlobalParameters.swift */,
				1F947C492684A555007F2FC7 /* TimeRange.swift */,
				1F3FD57125E66D9000947E1C /* CheckBox.swift */,
				1F185221265F917E005666DE /* RadioButton.swift */,
				1F3FD57425E66D9A00947E1C /* Design.swift */,
				04A7E97125AF2B4900C0F43C /* Main.storyboard */,
				043079B1266A486900247080 /* AlertExtensions.swift */,
				044BD1C4265D2DD000A169FC /* CalenderExtension.swift */,
				043079C1266A4B2A00247080 /* FollowExtensions.swift */,
				04A7E98325AF2D0500C0F43C /* NCMBUserExtensions.swift */,
				043079B5266A493600247080 /* RailsExtensions.swift */,
				044E43BB2688ABB700956C72 /* ScheduleExtension.swift */,
				043079B3266A48D600247080 /* SetImageExtensions.swift */,
				043079AD266A3E5D00247080 /* TransformateExtensions.swift */,
				04A7E97425AF2B4A00C0F43C /* Assets.xcassets */,
				04A7E97625AF2B4A00C0F43C /* LaunchScreen.storyboard */,
				04A7E97925AF2B4A00C0F43C /* Info.plist */,
			);
			path = iProjectTeacher;
			sourceTree = "<group>";
		};
		04B39D1725D43D2D003EDECE /* StudentInfo */ = {
			isa = PBXGroup;
			children = (
				04B39D1C25D43E34003EDECE /* StudentInfoTableViewCell.swift */,
				04B39D1D25D43E34003EDECE /* StudentInfoTableViewCell.xib */,
				1F3603E4269729B400B78DB6 /* StudentTableViewCell.swift */,
				1F3603E5269729B400B78DB6 /* StudentTableViewCell.xib */,
				0433E3A725D54B09002A6BE5 /* ReportTableViewCell.swift */,
				0433E3A825D54B09002A6BE5 /* ReportTableViewCell.xib */,
				0441D9A02619F5D4002DC165 /* ReportViewController.swift */,
				0433E3AD25D5584B002A6BE5 /* StudentViewController.swift */,
				04B39D1825D43D57003EDECE /* StudentDetailViewController.swift */,
			);
			path = StudentInfo;
			sourceTree = "<group>";
		};
		1BA0CFA925E7D8B80008FF43 /* icons */ = {
			isa = PBXGroup;
			children = (
				1BA0CFAA25E7D8B80008FF43 /* iTunesArtwork@1x.png */,
				1BA0CFAB25E7D8B80008FF43 /* AppIcon.appiconset */,
				1BA0CFBC25E7D8B80008FF43 /* iTunesArtwork@2x.png */,
				1BA0CFBD25E7D8B80008FF43 /* iTunesArtwork@3x.png */,
			);
			path = icons;
			sourceTree = "<group>";
		};
		1BA0CFAB25E7D8B80008FF43 /* AppIcon.appiconset */ = {
			isa = PBXGroup;
			children = (
				1BA0CFAC25E7D8B80008FF43 /* Icon-App-76x76@2x.png */,
				1BA0CFAD25E7D8B80008FF43 /* Icon-App-29x29@1x.png */,
				1BA0CFAE25E7D8B80008FF43 /* Icon-App-40x40@1x.png */,
				1BA0CFAF25E7D8B80008FF43 /* Icon-App-20x20@1x.png */,
				1BA0CFB025E7D8B80008FF43 /* Icon-App-83.5x83.5@2x.png */,
				1BA0CFB125E7D8B80008FF43 /* Icon-App-20x20@3x.png */,
				1BA0CFB225E7D8B80008FF43 /* ItunesArtwork@2x.png */,
				1BA0CFB325E7D8B80008FF43 /* Contents.json */,
				1BA0CFB425E7D8B80008FF43 /* Icon-App-20x20@2x.png */,
				1BA0CFB525E7D8B80008FF43 /* Icon-App-29x29@3x.png */,
				1BA0CFB625E7D8B80008FF43 /* Icon-App-40x40@2x.png */,
				1BA0CFB725E7D8B80008FF43 /* Icon-App-60x60@3x.png */,
				1BA0CFB825E7D8B80008FF43 /* Icon-App-60x60@2x.png */,
				1BA0CFB925E7D8B80008FF43 /* Icon-App-76x76@1x.png */,
				1BA0CFBA25E7D8B80008FF43 /* Icon-App-40x40@3x.png */,
				1BA0CFBB25E7D8B80008FF43 /* Icon-App-29x29@2x.png */,
			);
			path = AppIcon.appiconset;
			sourceTree = "<group>";
		};
		1BD9EE3F25D3AC8F001560A3 /* Calendar&Schedule */ = {
			isa = PBXGroup;
			children = (
				1B55D80625D40008006BAE51 /* CalendarViewController.swift */,
				1B55D80925D41365006BAE51 /* EventViewController.swift */,
				04EEA6BF2684BD19003E171A /* NormalEventViewController.swift */,
				1B55D80325D3FFD9006BAE51 /* Event.swift */,
				04526A89265EA25D00969BEC /* TimeSchaduleInput.swift */,
				044E43B92688A6E100956C72 /* ScheduleAndLecture.swift */,
				04EEA6BD2684B298003E171A /* Calender.storyboard */,
			);
			path = "Calendar&Schedule";
			sourceTree = "<group>";
		};
		1F08D93F25E69F920002E0AA /* Questionnaire */ = {
			isa = PBXGroup;
			children = (
				1F08D94025E69F920002E0AA /* Questionnaire_subViewController.swift */,
				1F08D94125E69F920002E0AA /* Questionnaire.swift */,
				1F08D94225E69F920002E0AA /* Questionnaire.storyboard */,
			);
			path = Questionnaire;
			sourceTree = "<group>";
		};
		1F08D94825E6A0890002E0AA /* Opening */ = {
			isa = PBXGroup;
			children = (
				1F08D94925E6A0890002E0AA /* ScreenSize.swift */,
				1F08D94A25E6A0890002E0AA /* Opening1ViewController.swift */,
				1F08D94B25E6A0890002E0AA /* Opening2ViewController.swift */,
				1F08D94C25E6A0890002E0AA /* Opening.storyboard */,
			);
			path = Opening;
			sourceTree = "<group>";
		};
		1F2D2CBE264D47DE008C9E30 /* Student */ = {
			isa = PBXGroup;
			children = (
				1F2D2CC0264D4840008C9E30 /* Student.storyboard */,
				1F2D2CC3264D5325008C9E30 /* ReportDetailViewController.swift */,
				1FDD508826568EB20064B94C /* DocumentsViewController.swift */,
				0433E3A425D54709002A6BE5 /* Report.swift */,
			);
			path = Student;
			sourceTree = "<group>";
		};
		4BCE1EAC3475CBE8D25AB8B3 /* Pods */ = {
			isa = PBXGroup;
			children = (
				DA086042A27D7B93DB7D0EC3 /* Pods-iProjectTeacher.debug.xcconfig */,
				DAA621FD172288AB5F2AF65B /* Pods-iProjectTeacher.release.xcconfig */,
			);
			path = Pods;
			sourceTree = "<group>";
		};
		7A2EFDE62C9F70A5F6941F35 /* Frameworks */ = {
			isa = PBXGroup;
			children = (
				D3759B1903BBE7A837BFD9A5 /* Pods_iProjectTeacher.framework */,
			);
			name = Frameworks;
			sourceTree = "<group>";
		};
/* End PBXGroup section */

/* Begin PBXNativeTarget section */
		04A7E96725AF2B4900C0F43C /* iProjectTeacher */ = {
			isa = PBXNativeTarget;
			buildConfigurationList = 04A7E97C25AF2B4A00C0F43C /* Build configuration list for PBXNativeTarget "iProjectTeacher" */;
			buildPhases = (
				4956830B03E0812F44DDAABE /* [CP] Check Pods Manifest.lock */,
				04A7E96425AF2B4900C0F43C /* Sources */,
				04A7E96525AF2B4900C0F43C /* Frameworks */,
				04A7E96625AF2B4900C0F43C /* Resources */,
				647D2F47F730C6FF2F5A298D /* [CP] Embed Pods Frameworks */,
			);
			buildRules = (
			);
			dependencies = (
			);
			name = iProjectTeacher;
			productName = iProjectTeacher;
			productReference = 04A7E96825AF2B4900C0F43C /* iProjectTeacher.app */;
			productType = "com.apple.product-type.application";
		};
/* End PBXNativeTarget section */

/* Begin PBXProject section */
		04A7E96025AF2B4900C0F43C /* Project object */ = {
			isa = PBXProject;
			attributes = {
				LastSwiftUpdateCheck = 1150;
				LastUpgradeCheck = 1150;
				ORGANIZATIONNAME = Tanaka_Yoshihisa_4413;
				TargetAttributes = {
					04A7E96725AF2B4900C0F43C = {
						CreatedOnToolsVersion = 11.5;
					};
				};
			};
			buildConfigurationList = 04A7E96325AF2B4900C0F43C /* Build configuration list for PBXProject "iProjectTeacher" */;
			compatibilityVersion = "Xcode 9.3";
			developmentRegion = en;
			hasScannedForEncodings = 0;
			knownRegions = (
				en,
				Base,
			);
			mainGroup = 04A7E95F25AF2B4900C0F43C;
			productRefGroup = 04A7E96925AF2B4900C0F43C /* Products */;
			projectDirPath = "";
			projectRoot = "";
			targets = (
				04A7E96725AF2B4900C0F43C /* iProjectTeacher */,
			);
		};
/* End PBXProject section */

/* Begin PBXResourcesBuildPhase section */
		04A7E96625AF2B4900C0F43C /* Resources */ = {
			isa = PBXResourcesBuildPhase;
			buildActionMask = 2147483647;
			files = (
				1BA0CFC125E7D8B80008FF43 /* Icon-App-40x40@1x.png in Resources */,
				1F2D2CC1264D4840008C9E30 /* Student.storyboard in Resources */,
				1BA0CFC225E7D8B80008FF43 /* Icon-App-20x20@1x.png in Resources */,
				04A7E97825AF2B4A00C0F43C /* LaunchScreen.storyboard in Resources */,
				1BA0CFCA25E7D8B80008FF43 /* Icon-App-60x60@3x.png in Resources */,
				1BA0CFC925E7D8B80008FF43 /* Icon-App-40x40@2x.png in Resources */,
				04A7E97525AF2B4A00C0F43C /* Assets.xcassets in Resources */,
				1BA0CFCD25E7D8B80008FF43 /* Icon-App-40x40@3x.png in Resources */,
				04EEA6BE2684B298003E171A /* Calender.storyboard in Resources */,
				1BA0CFCB25E7D8B80008FF43 /* Icon-App-60x60@2x.png in Resources */,
				1BA0CFCE25E7D8B80008FF43 /* Icon-App-29x29@2x.png in Resources */,
				1F3603E7269729B400B78DB6 /* StudentTableViewCell.xib in Resources */,
				1BA0CFCC25E7D8B80008FF43 /* Icon-App-76x76@1x.png in Resources */,
				0459388F25D149CC00A0E3C8 /* teacherNoImage.png in Resources */,
				1BA0CFC525E7D8B80008FF43 /* ItunesArtwork@2x.png in Resources */,
				1BA0CFC425E7D8B80008FF43 /* Icon-App-20x20@3x.png in Resources */,
				043A9DB725D80D1600587B0E /* SignIn.storyboard in Resources */,
				1BA0CFC725E7D8B80008FF43 /* Icon-App-20x20@2x.png in Resources */,
				04A7E97325AF2B4900C0F43C /* Main.storyboard in Resources */,
				1BA0CFD025E7D8B80008FF43 /* iTunesArtwork@3x.png in Resources */,
				04B39D1F25D43E34003EDECE /* StudentInfoTableViewCell.xib in Resources */,
				0459388D25D149C900A0E3C8 /* studentNoImage.png in Resources */,
				1BA0CFC025E7D8B80008FF43 /* Icon-App-29x29@1x.png in Resources */,
				1BA0CFCF25E7D8B80008FF43 /* iTunesArtwork@2x.png in Resources */,
				1F08D94525E69F920002E0AA /* Questionnaire.storyboard in Resources */,
				0433E3AA25D54B09002A6BE5 /* ReportTableViewCell.xib in Resources */,
				1BA0CFC825E7D8B80008FF43 /* Icon-App-29x29@3x.png in Resources */,
				1F08D95025E6A0890002E0AA /* Opening.storyboard in Resources */,
				1BA0CFC625E7D8B80008FF43 /* Contents.json in Resources */,
				1BA0CFBE25E7D8B80008FF43 /* iTunesArtwork@1x.png in Resources */,
				1BA0CFC325E7D8B80008FF43 /* Icon-App-83.5x83.5@2x.png in Resources */,
				1BA0CFBF25E7D8B80008FF43 /* Icon-App-76x76@2x.png in Resources */,
				0459388B25D149C600A0E3C8 /* creating.png in Resources */,
			);
			runOnlyForDeploymentPostprocessing = 0;
		};
/* End PBXResourcesBuildPhase section */

/* Begin PBXShellScriptBuildPhase section */
		4956830B03E0812F44DDAABE /* [CP] Check Pods Manifest.lock */ = {
			isa = PBXShellScriptBuildPhase;
			buildActionMask = 2147483647;
			files = (
			);
			inputFileListPaths = (
			);
			inputPaths = (
				"${PODS_PODFILE_DIR_PATH}/Podfile.lock",
				"${PODS_ROOT}/Manifest.lock",
			);
			name = "[CP] Check Pods Manifest.lock";
			outputFileListPaths = (
			);
			outputPaths = (
				"$(DERIVED_FILE_DIR)/Pods-iProjectTeacher-checkManifestLockResult.txt",
			);
			runOnlyForDeploymentPostprocessing = 0;
			shellPath = /bin/sh;
			shellScript = "diff \"${PODS_PODFILE_DIR_PATH}/Podfile.lock\" \"${PODS_ROOT}/Manifest.lock\" > /dev/null\nif [ $? != 0 ] ; then\n    # print error to STDERR\n    echo \"error: The sandbox is not in sync with the Podfile.lock. Run 'pod install' or update your CocoaPods installation.\" >&2\n    exit 1\nfi\n# This output is used by Xcode 'outputs' to avoid re-running this script phase.\necho \"SUCCESS\" > \"${SCRIPT_OUTPUT_FILE_0}\"\n";
			showEnvVarsInLog = 0;
		};
		647D2F47F730C6FF2F5A298D /* [CP] Embed Pods Frameworks */ = {
			isa = PBXShellScriptBuildPhase;
			buildActionMask = 2147483647;
			files = (
			);
			inputFileListPaths = (
				"${PODS_ROOT}/Target Support Files/Pods-iProjectTeacher/Pods-iProjectTeacher-frameworks-${CONFIGURATION}-input-files.xcfilelist",
			);
			name = "[CP] Embed Pods Frameworks";
			outputFileListPaths = (
				"${PODS_ROOT}/Target Support Files/Pods-iProjectTeacher/Pods-iProjectTeacher-frameworks-${CONFIGURATION}-output-files.xcfilelist",
			);
			runOnlyForDeploymentPostprocessing = 0;
			shellPath = /bin/sh;
			shellScript = "\"${PODS_ROOT}/Target Support Files/Pods-iProjectTeacher/Pods-iProjectTeacher-frameworks.sh\"\n";
			showEnvVarsInLog = 0;
		};
/* End PBXShellScriptBuildPhase section */

/* Begin PBXSourcesBuildPhase section */
		04A7E96425AF2B4900C0F43C /* Sources */ = {
			isa = PBXSourcesBuildPhase;
			buildActionMask = 2147483647;
			files = (
				1F185222265F917E005666DE /* RadioButton.swift in Sources */,
				044E43BA2688A6E100956C72 /* ScheduleAndLecture.swift in Sources */,
				04A7E97025AF2B4900C0F43C /* ViewController.swift in Sources */,
				04EEA6C02684BD19003E171A /* NormalEventViewController.swift in Sources */,
				1B55D80A25D41365006BAE51 /* EventViewController.swift in Sources */,
				1FDD508926568EB20064B94C /* DocumentsViewController.swift in Sources */,
				044E43BC2688ABB700956C72 /* ScheduleExtension.swift in Sources */,
				04A7E96C25AF2B4900C0F43C /* AppDelegate.swift in Sources */,
				043079C2266A4B2A00247080 /* FollowExtensions.swift in Sources */,
				1B55D80725D40008006BAE51 /* CalendarViewController.swift in Sources */,
				1F08D94F25E6A0890002E0AA /* Opening2ViewController.swift in Sources */,
				1F3603E6269729B400B78DB6 /* StudentTableViewCell.swift in Sources */,
				043A9DB625D80D1600587B0E /* UserPageViewController.swift in Sources */,
				04ACB8B525DB2A7200916C15 /* GlobalParameters.swift in Sources */,
				1F08D94425E69F920002E0AA /* Questionnaire.swift in Sources */,
				0433E3A525D54709002A6BE5 /* Report.swift in Sources */,
				04526A8A265EA25D00969BEC /* TimeSchaduleInput.swift in Sources */,
				1F3FD57525E66D9A00947E1C /* Design.swift in Sources */,
				1F2D2CC4264D5325008C9E30 /* ReportDetailViewController.swift in Sources */,
				1F3FD57825E68B4200947E1C /* EditUserPageViewController.swift in Sources */,
				044BD1C5265D2DD000A169FC /* CalenderExtension.swift in Sources */,
				04A7E96E25AF2B4900C0F43C /* SceneDelegate.swift in Sources */,
				04B39D1E25D43E34003EDECE /* StudentInfoTableViewCell.swift in Sources */,
				04EA678F25BC8A8F005F0D06 /* User.swift in Sources */,
				043079B4266A48D600247080 /* SetImageExtensions.swift in Sources */,
				0441D9A12619F5D4002DC165 /* ReportViewController.swift in Sources */,
				0433E3A925D54B09002A6BE5 /* ReportTableViewCell.swift in Sources */,
				1F0D921125E14A4C00503048 /* ForgetPasswordViewController.swift in Sources */,
				043079B2266A486900247080 /* AlertExtensions.swift in Sources */,
				043A9DB525D80D1600587B0E /* SignUpViewController.swift in Sources */,
				043079AE266A3E5D00247080 /* TransformateExtensions.swift in Sources */,
				1F08D94E25E6A0890002E0AA /* Opening1ViewController.swift in Sources */,
				1F947C4A2684A555007F2FC7 /* TimeRange.swift in Sources */,
				043079B6266A493600247080 /* RailsExtensions.swift in Sources */,
				1F08D94325E69F920002E0AA /* Questionnaire_subViewController.swift in Sources */,
				04B39D1925D43D57003EDECE /* StudentDetailViewController.swift in Sources */,
				0433E3AE25D5584B002A6BE5 /* StudentViewController.swift in Sources */,
				1F08D94D25E6A0890002E0AA /* ScreenSize.swift in Sources */,
				043A9DB825D80D1600587B0E /* SignInViewController.swift in Sources */,
				1F3FD57225E66D9000947E1C /* CheckBox.swift in Sources */,
				04A7E98425AF2D0500C0F43C /* NCMBUserExtensions.swift in Sources */,
				1B55D80425D3FFD9006BAE51 /* Event.swift in Sources */,
			);
			runOnlyForDeploymentPostprocessing = 0;
		};
/* End PBXSourcesBuildPhase section */

/* Begin PBXVariantGroup section */
		04A7E97125AF2B4900C0F43C /* Main.storyboard */ = {
			isa = PBXVariantGroup;
			children = (
				04A7E97225AF2B4900C0F43C /* Base */,
			);
			name = Main.storyboard;
			sourceTree = "<group>";
		};
		04A7E97625AF2B4A00C0F43C /* LaunchScreen.storyboard */ = {
			isa = PBXVariantGroup;
			children = (
				04A7E97725AF2B4A00C0F43C /* Base */,
			);
			name = LaunchScreen.storyboard;
			sourceTree = "<group>";
		};
/* End PBXVariantGroup section */

/* Begin XCBuildConfiguration section */
		04A7E97A25AF2B4A00C0F43C /* Debug */ = {
			isa = XCBuildConfiguration;
			buildSettings = {
				ALWAYS_SEARCH_USER_PATHS = NO;
				CLANG_ANALYZER_NONNULL = YES;
				CLANG_ANALYZER_NUMBER_OBJECT_CONVERSION = YES_AGGRESSIVE;
				CLANG_CXX_LANGUAGE_STANDARD = "gnu++14";
				CLANG_CXX_LIBRARY = "libc++";
				CLANG_ENABLE_MODULES = YES;
				CLANG_ENABLE_OBJC_ARC = YES;
				CLANG_ENABLE_OBJC_WEAK = YES;
				CLANG_WARN_BLOCK_CAPTURE_AUTORELEASING = YES;
				CLANG_WARN_BOOL_CONVERSION = YES;
				CLANG_WARN_COMMA = YES;
				CLANG_WARN_CONSTANT_CONVERSION = YES;
				CLANG_WARN_DEPRECATED_OBJC_IMPLEMENTATIONS = YES;
				CLANG_WARN_DIRECT_OBJC_ISA_USAGE = YES_ERROR;
				CLANG_WARN_DOCUMENTATION_COMMENTS = YES;
				CLANG_WARN_EMPTY_BODY = YES;
				CLANG_WARN_ENUM_CONVERSION = YES;
				CLANG_WARN_INFINITE_RECURSION = YES;
				CLANG_WARN_INT_CONVERSION = YES;
				CLANG_WARN_NON_LITERAL_NULL_CONVERSION = YES;
				CLANG_WARN_OBJC_IMPLICIT_RETAIN_SELF = YES;
				CLANG_WARN_OBJC_LITERAL_CONVERSION = YES;
				CLANG_WARN_OBJC_ROOT_CLASS = YES_ERROR;
				CLANG_WARN_RANGE_LOOP_ANALYSIS = YES;
				CLANG_WARN_STRICT_PROTOTYPES = YES;
				CLANG_WARN_SUSPICIOUS_MOVE = YES;
				CLANG_WARN_UNGUARDED_AVAILABILITY = YES_AGGRESSIVE;
				CLANG_WARN_UNREACHABLE_CODE = YES;
				CLANG_WARN__DUPLICATE_METHOD_MATCH = YES;
				COPY_PHASE_STRIP = NO;
				DEBUG_INFORMATION_FORMAT = dwarf;
				ENABLE_STRICT_OBJC_MSGSEND = YES;
				ENABLE_TESTABILITY = YES;
				GCC_C_LANGUAGE_STANDARD = gnu11;
				GCC_DYNAMIC_NO_PIC = NO;
				GCC_NO_COMMON_BLOCKS = YES;
				GCC_OPTIMIZATION_LEVEL = 0;
				GCC_PREPROCESSOR_DEFINITIONS = (
					"DEBUG=1",
					"$(inherited)",
				);
				GCC_WARN_64_TO_32_BIT_CONVERSION = YES;
				GCC_WARN_ABOUT_RETURN_TYPE = YES_ERROR;
				GCC_WARN_UNDECLARED_SELECTOR = YES;
				GCC_WARN_UNINITIALIZED_AUTOS = YES_AGGRESSIVE;
				GCC_WARN_UNUSED_FUNCTION = YES;
				GCC_WARN_UNUSED_VARIABLE = YES;
				IPHONEOS_DEPLOYMENT_TARGET = 13.5;
				MTL_ENABLE_DEBUG_INFO = INCLUDE_SOURCE;
				MTL_FAST_MATH = YES;
				ONLY_ACTIVE_ARCH = YES;
				SDKROOT = iphoneos;
				SWIFT_ACTIVE_COMPILATION_CONDITIONS = DEBUG;
				SWIFT_OPTIMIZATION_LEVEL = "-Onone";
			};
			name = Debug;
		};
		04A7E97B25AF2B4A00C0F43C /* Release */ = {
			isa = XCBuildConfiguration;
			buildSettings = {
				ALWAYS_SEARCH_USER_PATHS = NO;
				CLANG_ANALYZER_NONNULL = YES;
				CLANG_ANALYZER_NUMBER_OBJECT_CONVERSION = YES_AGGRESSIVE;
				CLANG_CXX_LANGUAGE_STANDARD = "gnu++14";
				CLANG_CXX_LIBRARY = "libc++";
				CLANG_ENABLE_MODULES = YES;
				CLANG_ENABLE_OBJC_ARC = YES;
				CLANG_ENABLE_OBJC_WEAK = YES;
				CLANG_WARN_BLOCK_CAPTURE_AUTORELEASING = YES;
				CLANG_WARN_BOOL_CONVERSION = YES;
				CLANG_WARN_COMMA = YES;
				CLANG_WARN_CONSTANT_CONVERSION = YES;
				CLANG_WARN_DEPRECATED_OBJC_IMPLEMENTATIONS = YES;
				CLANG_WARN_DIRECT_OBJC_ISA_USAGE = YES_ERROR;
				CLANG_WARN_DOCUMENTATION_COMMENTS = YES;
				CLANG_WARN_EMPTY_BODY = YES;
				CLANG_WARN_ENUM_CONVERSION = YES;
				CLANG_WARN_INFINITE_RECURSION = YES;
				CLANG_WARN_INT_CONVERSION = YES;
				CLANG_WARN_NON_LITERAL_NULL_CONVERSION = YES;
				CLANG_WARN_OBJC_IMPLICIT_RETAIN_SELF = YES;
				CLANG_WARN_OBJC_LITERAL_CONVERSION = YES;
				CLANG_WARN_OBJC_ROOT_CLASS = YES_ERROR;
				CLANG_WARN_RANGE_LOOP_ANALYSIS = YES;
				CLANG_WARN_STRICT_PROTOTYPES = YES;
				CLANG_WARN_SUSPICIOUS_MOVE = YES;
				CLANG_WARN_UNGUARDED_AVAILABILITY = YES_AGGRESSIVE;
				CLANG_WARN_UNREACHABLE_CODE = YES;
				CLANG_WARN__DUPLICATE_METHOD_MATCH = YES;
				COPY_PHASE_STRIP = NO;
				DEBUG_INFORMATION_FORMAT = "dwarf-with-dsym";
				ENABLE_NS_ASSERTIONS = NO;
				ENABLE_STRICT_OBJC_MSGSEND = YES;
				GCC_C_LANGUAGE_STANDARD = gnu11;
				GCC_NO_COMMON_BLOCKS = YES;
				GCC_WARN_64_TO_32_BIT_CONVERSION = YES;
				GCC_WARN_ABOUT_RETURN_TYPE = YES_ERROR;
				GCC_WARN_UNDECLARED_SELECTOR = YES;
				GCC_WARN_UNINITIALIZED_AUTOS = YES_AGGRESSIVE;
				GCC_WARN_UNUSED_FUNCTION = YES;
				GCC_WARN_UNUSED_VARIABLE = YES;
				IPHONEOS_DEPLOYMENT_TARGET = 13.5;
				MTL_ENABLE_DEBUG_INFO = NO;
				MTL_FAST_MATH = YES;
				SDKROOT = iphoneos;
				SWIFT_COMPILATION_MODE = wholemodule;
				SWIFT_OPTIMIZATION_LEVEL = "-O";
				VALIDATE_PRODUCT = YES;
			};
			name = Release;
		};
		04A7E97D25AF2B4A00C0F43C /* Debug */ = {
			isa = XCBuildConfiguration;
			baseConfigurationReference = DA086042A27D7B93DB7D0EC3 /* Pods-iProjectTeacher.debug.xcconfig */;
			buildSettings = {
				ASSETCATALOG_COMPILER_APPICON_NAME = AppIcon;
				CODE_SIGN_STYLE = Automatic;
				INFOPLIST_FILE = iProjectTeacher/Info.plist;
				IPHONEOS_DEPLOYMENT_TARGET = 13.5;
				LD_RUNPATH_SEARCH_PATHS = (
					"$(inherited)",
					"@executable_path/Frameworks",
				);
				PRODUCT_BUNDLE_IDENTIFIER = tanaka.iProjectTeacher;
				PRODUCT_NAME = "$(TARGET_NAME)";
				SWIFT_VERSION = 5.0;
				TARGETED_DEVICE_FAMILY = "1,2";
			};
			name = Debug;
		};
		04A7E97E25AF2B4A00C0F43C /* Release */ = {
			isa = XCBuildConfiguration;
			baseConfigurationReference = DAA621FD172288AB5F2AF65B /* Pods-iProjectTeacher.release.xcconfig */;
			buildSettings = {
				ASSETCATALOG_COMPILER_APPICON_NAME = AppIcon;
				CODE_SIGN_STYLE = Automatic;
				INFOPLIST_FILE = iProjectTeacher/Info.plist;
				IPHONEOS_DEPLOYMENT_TARGET = 13.5;
				LD_RUNPATH_SEARCH_PATHS = (
					"$(inherited)",
					"@executable_path/Frameworks",
				);
				PRODUCT_BUNDLE_IDENTIFIER = tanaka.iProjectTeacher;
				PRODUCT_NAME = "$(TARGET_NAME)";
				SWIFT_VERSION = 5.0;
				TARGETED_DEVICE_FAMILY = "1,2";
			};
			name = Release;
		};
/* End XCBuildConfiguration section */

/* Begin XCConfigurationList section */
		04A7E96325AF2B4900C0F43C /* Build configuration list for PBXProject "iProjectTeacher" */ = {
			isa = XCConfigurationList;
			buildConfigurations = (
				04A7E97A25AF2B4A00C0F43C /* Debug */,
				04A7E97B25AF2B4A00C0F43C /* Release */,
			);
			defaultConfigurationIsVisible = 0;
			defaultConfigurationName = Release;
		};
		04A7E97C25AF2B4A00C0F43C /* Build configuration list for PBXNativeTarget "iProjectTeacher" */ = {
			isa = XCConfigurationList;
			buildConfigurations = (
				04A7E97D25AF2B4A00C0F43C /* Debug */,
				04A7E97E25AF2B4A00C0F43C /* Release */,
			);
			defaultConfigurationIsVisible = 0;
			defaultConfigurationName = Release;
		};
/* End XCConfigurationList section */
	};
	rootObject = 04A7E96025AF2B4900C0F43C /* Project object */;
}
