// !$*UTF8*$!
{
	archiveVersion = 1;
	classes = {
	};
	objectVersion = 51;
	objects = {

/* Begin PBXBuildFile section */
		0433E3A525D54709002A6BE5 /* Report.swift in Sources */ = {isa = PBXBuildFile; fileRef = 0433E3A425D54709002A6BE5 /* Report.swift */; };
		0433E3A925D54B09002A6BE5 /* ReportTableViewCell.swift in Sources */ = {isa = PBXBuildFile; fileRef = 0433E3A725D54B09002A6BE5 /* ReportTableViewCell.swift */; };
		0433E3AA25D54B09002A6BE5 /* ReportTableViewCell.xib in Resources */ = {isa = PBXBuildFile; fileRef = 0433E3A825D54B09002A6BE5 /* ReportTableViewCell.xib */; };
		0433E3AE25D5584B002A6BE5 /* StudentViewController.swift in Sources */ = {isa = PBXBuildFile; fileRef = 0433E3AD25D5584B002A6BE5 /* StudentViewController.swift */; };
		043A9DB525D80D1600587B0E /* SignUpViewController.swift in Sources */ = {isa = PBXBuildFile; fileRef = 043A9DB125D80D1500587B0E /* SignUpViewController.swift */; };
		043A9DB625D80D1600587B0E /* UserPageViewController.swift in Sources */ = {isa = PBXBuildFile; fileRef = 043A9DB225D80D1500587B0E /* UserPageViewController.swift */; };
		043A9DB725D80D1600587B0E /* SignIn.storyboard in Resources */ = {isa = PBXBuildFile; fileRef = 043A9DB325D80D1500587B0E /* SignIn.storyboard */; };
		043A9DB825D80D1600587B0E /* SignInViewController.swift in Sources */ = {isa = PBXBuildFile; fileRef = 043A9DB425D80D1500587B0E /* SignInViewController.swift */; };
		0459388B25D149C600A0E3C8 /* creating.png in Resources */ = {isa = PBXBuildFile; fileRef = 0459388A25D149C100A0E3C8 /* creating.png */; };
		0459388D25D149C900A0E3C8 /* studentNoImage.png in Resources */ = {isa = PBXBuildFile; fileRef = 0459388925D149C100A0E3C8 /* studentNoImage.png */; };
		0459388F25D149CC00A0E3C8 /* teacherNoImage.png in Resources */ = {isa = PBXBuildFile; fileRef = 0459388825D149C100A0E3C8 /* teacherNoImage.png */; };
		04744BAD25D0F3570043BCCF /* CheckAddress.swift in Sources */ = {isa = PBXBuildFile; fileRef = 04744BAC25D0F3570043BCCF /* CheckAddress.swift */; };
		047C4E2E25C858C40082807A /* iTunesArtwork@1x.png in Resources */ = {isa = PBXBuildFile; fileRef = 047C4E1925C858C40082807A /* iTunesArtwork@1x.png */; };
		047C4E2F25C858C40082807A /* Icon-App-76x76@2x.png in Resources */ = {isa = PBXBuildFile; fileRef = 047C4E1B25C858C40082807A /* Icon-App-76x76@2x.png */; };
		047C4E3025C858C40082807A /* Icon-App-29x29@1x.png in Resources */ = {isa = PBXBuildFile; fileRef = 047C4E1C25C858C40082807A /* Icon-App-29x29@1x.png */; };
		047C4E3125C858C40082807A /* Icon-App-40x40@1x.png in Resources */ = {isa = PBXBuildFile; fileRef = 047C4E1D25C858C40082807A /* Icon-App-40x40@1x.png */; };
		047C4E3225C858C40082807A /* Icon-App-20x20@1x.png in Resources */ = {isa = PBXBuildFile; fileRef = 047C4E1E25C858C40082807A /* Icon-App-20x20@1x.png */; };
		047C4E3325C858C40082807A /* Icon-App-83.5x83.5@2x.png in Resources */ = {isa = PBXBuildFile; fileRef = 047C4E1F25C858C40082807A /* Icon-App-83.5x83.5@2x.png */; };
		047C4E3425C858C40082807A /* Icon-App-20x20@3x.png in Resources */ = {isa = PBXBuildFile; fileRef = 047C4E2025C858C40082807A /* Icon-App-20x20@3x.png */; };
		047C4E3525C858C40082807A /* ItunesArtwork@2x.png in Resources */ = {isa = PBXBuildFile; fileRef = 047C4E2125C858C40082807A /* ItunesArtwork@2x.png */; };
		047C4E3625C858C40082807A /* Contents.json in Resources */ = {isa = PBXBuildFile; fileRef = 047C4E2225C858C40082807A /* Contents.json */; };
		047C4E3725C858C40082807A /* Icon-App-20x20@2x.png in Resources */ = {isa = PBXBuildFile; fileRef = 047C4E2325C858C40082807A /* Icon-App-20x20@2x.png */; };
		047C4E3825C858C40082807A /* Icon-App-29x29@3x.png in Resources */ = {isa = PBXBuildFile; fileRef = 047C4E2425C858C40082807A /* Icon-App-29x29@3x.png */; };
		047C4E3925C858C40082807A /* Icon-App-40x40@2x.png in Resources */ = {isa = PBXBuildFile; fileRef = 047C4E2525C858C40082807A /* Icon-App-40x40@2x.png */; };
		047C4E3A25C858C40082807A /* Icon-App-60x60@3x.png in Resources */ = {isa = PBXBuildFile; fileRef = 047C4E2625C858C40082807A /* Icon-App-60x60@3x.png */; };
		047C4E3B25C858C40082807A /* Icon-App-60x60@2x.png in Resources */ = {isa = PBXBuildFile; fileRef = 047C4E2725C858C40082807A /* Icon-App-60x60@2x.png */; };
		047C4E3C25C858C40082807A /* Icon-App-76x76@1x.png in Resources */ = {isa = PBXBuildFile; fileRef = 047C4E2825C858C40082807A /* Icon-App-76x76@1x.png */; };
		047C4E3D25C858C40082807A /* Icon-App-40x40@3x.png in Resources */ = {isa = PBXBuildFile; fileRef = 047C4E2925C858C40082807A /* Icon-App-40x40@3x.png */; };
		047C4E3E25C858C40082807A /* Icon-App-29x29@2x.png in Resources */ = {isa = PBXBuildFile; fileRef = 047C4E2A25C858C40082807A /* Icon-App-29x29@2x.png */; };
		047C4E3F25C858C40082807A /* README.md in Resources */ = {isa = PBXBuildFile; fileRef = 047C4E2B25C858C40082807A /* README.md */; };
		047C4E4025C858C40082807A /* iTunesArtwork@2x.png in Resources */ = {isa = PBXBuildFile; fileRef = 047C4E2C25C858C40082807A /* iTunesArtwork@2x.png */; };
		047C4E4125C858C40082807A /* iTunesArtwork@3x.png in Resources */ = {isa = PBXBuildFile; fileRef = 047C4E2D25C858C40082807A /* iTunesArtwork@3x.png */; };
		049C840425C695F000D4D380 /* ScreenSize.swift in Sources */ = {isa = PBXBuildFile; fileRef = 049C840025C695F000D4D380 /* ScreenSize.swift */; };
		049C840525C695F000D4D380 /* Opening1ViewController.swift in Sources */ = {isa = PBXBuildFile; fileRef = 049C840125C695F000D4D380 /* Opening1ViewController.swift */; };
		049C840625C695F000D4D380 /* Opening2ViewController.swift in Sources */ = {isa = PBXBuildFile; fileRef = 049C840225C695F000D4D380 /* Opening2ViewController.swift */; };
		049C840725C695F000D4D380 /* Opening.storyboard in Resources */ = {isa = PBXBuildFile; fileRef = 049C840325C695F000D4D380 /* Opening.storyboard */; };
		04A7E96C25AF2B4900C0F43C /* AppDelegate.swift in Sources */ = {isa = PBXBuildFile; fileRef = 04A7E96B25AF2B4900C0F43C /* AppDelegate.swift */; };
		04A7E96E25AF2B4900C0F43C /* SceneDelegate.swift in Sources */ = {isa = PBXBuildFile; fileRef = 04A7E96D25AF2B4900C0F43C /* SceneDelegate.swift */; };
		04A7E97025AF2B4900C0F43C /* ViewController.swift in Sources */ = {isa = PBXBuildFile; fileRef = 04A7E96F25AF2B4900C0F43C /* ViewController.swift */; };
		04A7E97325AF2B4900C0F43C /* Main.storyboard in Resources */ = {isa = PBXBuildFile; fileRef = 04A7E97125AF2B4900C0F43C /* Main.storyboard */; };
		04A7E97525AF2B4A00C0F43C /* Assets.xcassets in Resources */ = {isa = PBXBuildFile; fileRef = 04A7E97425AF2B4A00C0F43C /* Assets.xcassets */; };
		04A7E97825AF2B4A00C0F43C /* LaunchScreen.storyboard in Resources */ = {isa = PBXBuildFile; fileRef = 04A7E97625AF2B4A00C0F43C /* LaunchScreen.storyboard */; };
		04A7E98425AF2D0500C0F43C /* Extensions.swift in Sources */ = {isa = PBXBuildFile; fileRef = 04A7E98325AF2D0500C0F43C /* Extensions.swift */; };
		04ACB8B525DB2A7200916C15 /* GlobalParameters.swift in Sources */ = {isa = PBXBuildFile; fileRef = 04ACB8B425DB2A7200916C15 /* GlobalParameters.swift */; };
		04B39D1925D43D57003EDECE /* StudentDetailViewController.swift in Sources */ = {isa = PBXBuildFile; fileRef = 04B39D1825D43D57003EDECE /* StudentDetailViewController.swift */; };
		04B39D1E25D43E34003EDECE /* StudentInfoTableViewCell.swift in Sources */ = {isa = PBXBuildFile; fileRef = 04B39D1C25D43E34003EDECE /* StudentInfoTableViewCell.swift */; };
		04B39D1F25D43E34003EDECE /* StudentInfoTableViewCell.xib in Resources */ = {isa = PBXBuildFile; fileRef = 04B39D1D25D43E34003EDECE /* StudentInfoTableViewCell.xib */; };
		04EA678F25BC8A8F005F0D06 /* User.swift in Sources */ = {isa = PBXBuildFile; fileRef = 04EA678E25BC8A8F005F0D06 /* User.swift */; };
		1B3C0C7725DA9D55009903AB /* DetailViewController.swift in Sources */ = {isa = PBXBuildFile; fileRef = 1B3C0C7625DA9D55009903AB /* DetailViewController.swift */; };
		1B55D80425D3FFD9006BAE51 /* Event.swift in Sources */ = {isa = PBXBuildFile; fileRef = 1B55D80325D3FFD9006BAE51 /* Event.swift */; };
		1B55D80725D40008006BAE51 /* CalendarViewController.swift in Sources */ = {isa = PBXBuildFile; fileRef = 1B55D80625D40008006BAE51 /* CalendarViewController.swift */; };
		1B55D80A25D41365006BAE51 /* EventViewController.swift in Sources */ = {isa = PBXBuildFile; fileRef = 1B55D80925D41365006BAE51 /* EventViewController.swift */; };
		1BED6EBC25D1749200E912C6 /* Schedule.swift in Sources */ = {isa = PBXBuildFile; fileRef = 1BED6EBB25D1749100E912C6 /* Schedule.swift */; };
		B123C8D481952C9E0A702E92 /* Pods_iProjectTeacher.framework in Frameworks */ = {isa = PBXBuildFile; fileRef = D3759B1903BBE7A837BFD9A5 /* Pods_iProjectTeacher.framework */; };
/* End PBXBuildFile section */

/* Begin PBXFileReference section */
		0433E3A425D54709002A6BE5 /* Report.swift */ = {isa = PBXFileReference; lastKnownFileType = sourcecode.swift; path = Report.swift; sourceTree = "<group>"; };
		0433E3A725D54B09002A6BE5 /* ReportTableViewCell.swift */ = {isa = PBXFileReference; lastKnownFileType = sourcecode.swift; path = ReportTableViewCell.swift; sourceTree = "<group>"; };
		0433E3A825D54B09002A6BE5 /* ReportTableViewCell.xib */ = {isa = PBXFileReference; lastKnownFileType = file.xib; path = ReportTableViewCell.xib; sourceTree = "<group>"; };
		0433E3AD25D5584B002A6BE5 /* StudentViewController.swift */ = {isa = PBXFileReference; lastKnownFileType = sourcecode.swift; path = StudentViewController.swift; sourceTree = "<group>"; };
		043A9DB125D80D1500587B0E /* SignUpViewController.swift */ = {isa = PBXFileReference; fileEncoding = 4; lastKnownFileType = sourcecode.swift; path = SignUpViewController.swift; sourceTree = "<group>"; };
		043A9DB225D80D1500587B0E /* UserPageViewController.swift */ = {isa = PBXFileReference; fileEncoding = 4; lastKnownFileType = sourcecode.swift; path = UserPageViewController.swift; sourceTree = "<group>"; };
		043A9DB325D80D1500587B0E /* SignIn.storyboard */ = {isa = PBXFileReference; fileEncoding = 4; lastKnownFileType = file.storyboard; path = SignIn.storyboard; sourceTree = "<group>"; };
		043A9DB425D80D1500587B0E /* SignInViewController.swift */ = {isa = PBXFileReference; fileEncoding = 4; lastKnownFileType = sourcecode.swift; path = SignInViewController.swift; sourceTree = "<group>"; };
		0459388825D149C100A0E3C8 /* teacherNoImage.png */ = {isa = PBXFileReference; lastKnownFileType = image.png; path = teacherNoImage.png; sourceTree = "<group>"; };
		0459388925D149C100A0E3C8 /* studentNoImage.png */ = {isa = PBXFileReference; lastKnownFileType = image.png; path = studentNoImage.png; sourceTree = "<group>"; };
		0459388A25D149C100A0E3C8 /* creating.png */ = {isa = PBXFileReference; lastKnownFileType = image.png; path = creating.png; sourceTree = "<group>"; };
		04744BAC25D0F3570043BCCF /* CheckAddress.swift */ = {isa = PBXFileReference; lastKnownFileType = sourcecode.swift; path = CheckAddress.swift; sourceTree = "<group>"; };
		047C4E1925C858C40082807A /* iTunesArtwork@1x.png */ = {isa = PBXFileReference; lastKnownFileType = image.png; path = "iTunesArtwork@1x.png"; sourceTree = "<group>"; };
		047C4E1B25C858C40082807A /* Icon-App-76x76@2x.png */ = {isa = PBXFileReference; lastKnownFileType = image.png; path = "Icon-App-76x76@2x.png"; sourceTree = "<group>"; };
		047C4E1C25C858C40082807A /* Icon-App-29x29@1x.png */ = {isa = PBXFileReference; lastKnownFileType = image.png; path = "Icon-App-29x29@1x.png"; sourceTree = "<group>"; };
		047C4E1D25C858C40082807A /* Icon-App-40x40@1x.png */ = {isa = PBXFileReference; lastKnownFileType = image.png; path = "Icon-App-40x40@1x.png"; sourceTree = "<group>"; };
		047C4E1E25C858C40082807A /* Icon-App-20x20@1x.png */ = {isa = PBXFileReference; lastKnownFileType = image.png; path = "Icon-App-20x20@1x.png"; sourceTree = "<group>"; };
		047C4E1F25C858C40082807A /* Icon-App-83.5x83.5@2x.png */ = {isa = PBXFileReference; lastKnownFileType = image.png; path = "Icon-App-83.5x83.5@2x.png"; sourceTree = "<group>"; };
		047C4E2025C858C40082807A /* Icon-App-20x20@3x.png */ = {isa = PBXFileReference; lastKnownFileType = image.png; path = "Icon-App-20x20@3x.png"; sourceTree = "<group>"; };
		047C4E2125C858C40082807A /* ItunesArtwork@2x.png */ = {isa = PBXFileReference; lastKnownFileType = image.png; path = "ItunesArtwork@2x.png"; sourceTree = "<group>"; };
		047C4E2225C858C40082807A /* Contents.json */ = {isa = PBXFileReference; fileEncoding = 4; lastKnownFileType = text.json; path = Contents.json; sourceTree = "<group>"; };
		047C4E2325C858C40082807A /* Icon-App-20x20@2x.png */ = {isa = PBXFileReference; lastKnownFileType = image.png; path = "Icon-App-20x20@2x.png"; sourceTree = "<group>"; };
		047C4E2425C858C40082807A /* Icon-App-29x29@3x.png */ = {isa = PBXFileReference; lastKnownFileType = image.png; path = "Icon-App-29x29@3x.png"; sourceTree = "<group>"; };
		047C4E2525C858C40082807A /* Icon-App-40x40@2x.png */ = {isa = PBXFileReference; lastKnownFileType = image.png; path = "Icon-App-40x40@2x.png"; sourceTree = "<group>"; };
		047C4E2625C858C40082807A /* Icon-App-60x60@3x.png */ = {isa = PBXFileReference; lastKnownFileType = image.png; path = "Icon-App-60x60@3x.png"; sourceTree = "<group>"; };
		047C4E2725C858C40082807A /* Icon-App-60x60@2x.png */ = {isa = PBXFileReference; lastKnownFileType = image.png; path = "Icon-App-60x60@2x.png"; sourceTree = "<group>"; };
		047C4E2825C858C40082807A /* Icon-App-76x76@1x.png */ = {isa = PBXFileReference; lastKnownFileType = image.png; path = "Icon-App-76x76@1x.png"; sourceTree = "<group>"; };
		047C4E2925C858C40082807A /* Icon-App-40x40@3x.png */ = {isa = PBXFileReference; lastKnownFileType = image.png; path = "Icon-App-40x40@3x.png"; sourceTree = "<group>"; };
		047C4E2A25C858C40082807A /* Icon-App-29x29@2x.png */ = {isa = PBXFileReference; lastKnownFileType = image.png; path = "Icon-App-29x29@2x.png"; sourceTree = "<group>"; };
		047C4E2B25C858C40082807A /* README.md */ = {isa = PBXFileReference; fileEncoding = 4; lastKnownFileType = net.daringfireball.markdown; path = README.md; sourceTree = "<group>"; };
		047C4E2C25C858C40082807A /* iTunesArtwork@2x.png */ = {isa = PBXFileReference; lastKnownFileType = image.png; path = "iTunesArtwork@2x.png"; sourceTree = "<group>"; };
		047C4E2D25C858C40082807A /* iTunesArtwork@3x.png */ = {isa = PBXFileReference; lastKnownFileType = image.png; path = "iTunesArtwork@3x.png"; sourceTree = "<group>"; };
		049C840025C695F000D4D380 /* ScreenSize.swift */ = {isa = PBXFileReference; fileEncoding = 4; lastKnownFileType = sourcecode.swift; path = ScreenSize.swift; sourceTree = "<group>"; };
		049C840125C695F000D4D380 /* Opening1ViewController.swift */ = {isa = PBXFileReference; fileEncoding = 4; lastKnownFileType = sourcecode.swift; path = Opening1ViewController.swift; sourceTree = "<group>"; };
		049C840225C695F000D4D380 /* Opening2ViewController.swift */ = {isa = PBXFileReference; fileEncoding = 4; lastKnownFileType = sourcecode.swift; path = Opening2ViewController.swift; sourceTree = "<group>"; };
		049C840325C695F000D4D380 /* Opening.storyboard */ = {isa = PBXFileReference; fileEncoding = 4; lastKnownFileType = file.storyboard; path = Opening.storyboard; sourceTree = "<group>"; };
		04A7E96825AF2B4900C0F43C /* iProjectTeacher.app */ = {isa = PBXFileReference; explicitFileType = wrapper.application; includeInIndex = 0; path = iProjectTeacher.app; sourceTree = BUILT_PRODUCTS_DIR; };
		04A7E96B25AF2B4900C0F43C /* AppDelegate.swift */ = {isa = PBXFileReference; lastKnownFileType = sourcecode.swift; path = AppDelegate.swift; sourceTree = "<group>"; };
		04A7E96D25AF2B4900C0F43C /* SceneDelegate.swift */ = {isa = PBXFileReference; lastKnownFileType = sourcecode.swift; path = SceneDelegate.swift; sourceTree = "<group>"; };
		04A7E96F25AF2B4900C0F43C /* ViewController.swift */ = {isa = PBXFileReference; lastKnownFileType = sourcecode.swift; path = ViewController.swift; sourceTree = "<group>"; };
		04A7E97225AF2B4900C0F43C /* Base */ = {isa = PBXFileReference; lastKnownFileType = file.storyboard; name = Base; path = Base.lproj/Main.storyboard; sourceTree = "<group>"; };
		04A7E97425AF2B4A00C0F43C /* Assets.xcassets */ = {isa = PBXFileReference; lastKnownFileType = folder.assetcatalog; path = Assets.xcassets; sourceTree = "<group>"; };
		04A7E97725AF2B4A00C0F43C /* Base */ = {isa = PBXFileReference; lastKnownFileType = file.storyboard; name = Base; path = Base.lproj/LaunchScreen.storyboard; sourceTree = "<group>"; };
		04A7E97925AF2B4A00C0F43C /* Info.plist */ = {isa = PBXFileReference; lastKnownFileType = text.plist.xml; path = Info.plist; sourceTree = "<group>"; };
		04A7E98325AF2D0500C0F43C /* Extensions.swift */ = {isa = PBXFileReference; fileEncoding = 4; lastKnownFileType = sourcecode.swift; path = Extensions.swift; sourceTree = "<group>"; };
		04ACB8B425DB2A7200916C15 /* GlobalParameters.swift */ = {isa = PBXFileReference; lastKnownFileType = sourcecode.swift; path = GlobalParameters.swift; sourceTree = "<group>"; };
		04B39D1825D43D57003EDECE /* StudentDetailViewController.swift */ = {isa = PBXFileReference; lastKnownFileType = sourcecode.swift; path = StudentDetailViewController.swift; sourceTree = "<group>"; };
		04B39D1C25D43E34003EDECE /* StudentInfoTableViewCell.swift */ = {isa = PBXFileReference; lastKnownFileType = sourcecode.swift; path = StudentInfoTableViewCell.swift; sourceTree = "<group>"; };
		04B39D1D25D43E34003EDECE /* StudentInfoTableViewCell.xib */ = {isa = PBXFileReference; lastKnownFileType = file.xib; path = StudentInfoTableViewCell.xib; sourceTree = "<group>"; };
		04EA678E25BC8A8F005F0D06 /* User.swift */ = {isa = PBXFileReference; fileEncoding = 4; lastKnownFileType = sourcecode.swift; path = User.swift; sourceTree = "<group>"; };
		1B3C0C7625DA9D55009903AB /* DetailViewController.swift */ = {isa = PBXFileReference; lastKnownFileType = sourcecode.swift; path = DetailViewController.swift; sourceTree = "<group>"; };
		1B55D80325D3FFD9006BAE51 /* Event.swift */ = {isa = PBXFileReference; lastKnownFileType = sourcecode.swift; path = Event.swift; sourceTree = "<group>"; };
		1B55D80625D40008006BAE51 /* CalendarViewController.swift */ = {isa = PBXFileReference; lastKnownFileType = sourcecode.swift; path = CalendarViewController.swift; sourceTree = "<group>"; };
		1B55D80925D41365006BAE51 /* EventViewController.swift */ = {isa = PBXFileReference; lastKnownFileType = sourcecode.swift; path = EventViewController.swift; sourceTree = "<group>"; };
		1BED6EBB25D1749100E912C6 /* Schedule.swift */ = {isa = PBXFileReference; lastKnownFileType = sourcecode.swift; path = Schedule.swift; sourceTree = "<group>"; };
		D3759B1903BBE7A837BFD9A5 /* Pods_iProjectTeacher.framework */ = {isa = PBXFileReference; explicitFileType = wrapper.framework; includeInIndex = 0; path = Pods_iProjectTeacher.framework; sourceTree = BUILT_PRODUCTS_DIR; };
		DA086042A27D7B93DB7D0EC3 /* Pods-iProjectTeacher.debug.xcconfig */ = {isa = PBXFileReference; includeInIndex = 1; lastKnownFileType = text.xcconfig; name = "Pods-iProjectTeacher.debug.xcconfig"; path = "Target Support Files/Pods-iProjectTeacher/Pods-iProjectTeacher.debug.xcconfig"; sourceTree = "<group>"; };
		DAA621FD172288AB5F2AF65B /* Pods-iProjectTeacher.release.xcconfig */ = {isa = PBXFileReference; includeInIndex = 1; lastKnownFileType = text.xcconfig; name = "Pods-iProjectTeacher.release.xcconfig"; path = "Target Support Files/Pods-iProjectTeacher/Pods-iProjectTeacher.release.xcconfig"; sourceTree = "<group>"; };
/* End PBXFileReference section */

/* Begin PBXFrameworksBuildPhase section */
		04A7E96525AF2B4900C0F43C /* Frameworks */ = {
			isa = PBXFrameworksBuildPhase;
			buildActionMask = 2147483647;
			files = (
				B123C8D481952C9E0A702E92 /* Pods_iProjectTeacher.framework in Frameworks */,
			);
			runOnlyForDeploymentPostprocessing = 0;
		};
/* End PBXFrameworksBuildPhase section */

/* Begin PBXGroup section */
		043A9DB025D80D1500587B0E /* Sign */ = {
			isa = PBXGroup;
			children = (
				04744BAC25D0F3570043BCCF /* CheckAddress.swift */,
				043A9DB125D80D1500587B0E /* SignUpViewController.swift */,
				043A9DB225D80D1500587B0E /* UserPageViewController.swift */,
				043A9DB325D80D1500587B0E /* SignIn.storyboard */,
				043A9DB425D80D1500587B0E /* SignInViewController.swift */,
			);
			path = Sign;
			sourceTree = "<group>";
		};
		047C4DEA25C856300082807A /* Images */ = {
			isa = PBXGroup;
			children = (
				0459388A25D149C100A0E3C8 /* creating.png */,
				0459388925D149C100A0E3C8 /* studentNoImage.png */,
				0459388825D149C100A0E3C8 /* teacherNoImage.png */,
				047C4E1825C858C40082807A /* icons */,
			);
			path = Images;
			sourceTree = "<group>";
		};
		047C4E1825C858C40082807A /* icons */ = {
			isa = PBXGroup;
			children = (
				047C4E1925C858C40082807A /* iTunesArtwork@1x.png */,
				047C4E1A25C858C40082807A /* AppIcon.appiconset */,
				047C4E2B25C858C40082807A /* README.md */,
				047C4E2C25C858C40082807A /* iTunesArtwork@2x.png */,
				047C4E2D25C858C40082807A /* iTunesArtwork@3x.png */,
			);
			path = icons;
			sourceTree = "<group>";
		};
		047C4E1A25C858C40082807A /* AppIcon.appiconset */ = {
			isa = PBXGroup;
			children = (
				047C4E1B25C858C40082807A /* Icon-App-76x76@2x.png */,
				047C4E1C25C858C40082807A /* Icon-App-29x29@1x.png */,
				047C4E1D25C858C40082807A /* Icon-App-40x40@1x.png */,
				047C4E1E25C858C40082807A /* Icon-App-20x20@1x.png */,
				047C4E1F25C858C40082807A /* Icon-App-83.5x83.5@2x.png */,
				047C4E2025C858C40082807A /* Icon-App-20x20@3x.png */,
				047C4E2125C858C40082807A /* ItunesArtwork@2x.png */,
				047C4E2225C858C40082807A /* Contents.json */,
				047C4E2325C858C40082807A /* Icon-App-20x20@2x.png */,
				047C4E2425C858C40082807A /* Icon-App-29x29@3x.png */,
				047C4E2525C858C40082807A /* Icon-App-40x40@2x.png */,
				047C4E2625C858C40082807A /* Icon-App-60x60@3x.png */,
				047C4E2725C858C40082807A /* Icon-App-60x60@2x.png */,
				047C4E2825C858C40082807A /* Icon-App-76x76@1x.png */,
				047C4E2925C858C40082807A /* Icon-App-40x40@3x.png */,
				047C4E2A25C858C40082807A /* Icon-App-29x29@2x.png */,
			);
			path = AppIcon.appiconset;
			sourceTree = "<group>";
		};
		049C83FF25C695F000D4D380 /* Open */ = {
			isa = PBXGroup;
			children = (
				049C840025C695F000D4D380 /* ScreenSize.swift */,
				049C840125C695F000D4D380 /* Opening1ViewController.swift */,
				049C840225C695F000D4D380 /* Opening2ViewController.swift */,
				049C840325C695F000D4D380 /* Opening.storyboard */,
			);
			path = Open;
			sourceTree = "<group>";
		};
		04A7E95F25AF2B4900C0F43C = {
			isa = PBXGroup;
			children = (
				04A7E96A25AF2B4900C0F43C /* iProjectTeacher */,
				04A7E96925AF2B4900C0F43C /* Products */,
				4BCE1EAC3475CBE8D25AB8B3 /* Pods */,
				7A2EFDE62C9F70A5F6941F35 /* Frameworks */,
			);
			sourceTree = "<group>";
		};
		04A7E96925AF2B4900C0F43C /* Products */ = {
			isa = PBXGroup;
			children = (
				04A7E96825AF2B4900C0F43C /* iProjectTeacher.app */,
			);
			name = Products;
			sourceTree = "<group>";
		};
		04A7E96A25AF2B4900C0F43C /* iProjectTeacher */ = {
			isa = PBXGroup;
			children = (
				049C83FF25C695F000D4D380 /* Open */,
				047C4DEA25C856300082807A /* Images */,
				04B39D1725D43D2D003EDECE /* StudentInfo */,
				1BD9EE3F25D3AC8F001560A3 /* Calendar&Schedule */,
				043A9DB025D80D1500587B0E /* Sign */,
				04A7E96B25AF2B4900C0F43C /* AppDelegate.swift */,
				04A7E96D25AF2B4900C0F43C /* SceneDelegate.swift */,
				04A7E96F25AF2B4900C0F43C /* ViewController.swift */,
				04EA678E25BC8A8F005F0D06 /* User.swift */,
				04ACB8B425DB2A7200916C15 /* GlobalParameters.swift */,
				04A7E97125AF2B4900C0F43C /* Main.storyboard */,
				04A7E98325AF2D0500C0F43C /* Extensions.swift */,
				04A7E97425AF2B4A00C0F43C /* Assets.xcassets */,
				04A7E97625AF2B4A00C0F43C /* LaunchScreen.storyboard */,
				04A7E97925AF2B4A00C0F43C /* Info.plist */,
			);
			path = iProjectTeacher;
			sourceTree = "<group>";
		};
		04B39D1725D43D2D003EDECE /* StudentInfo */ = {
			isa = PBXGroup;
			children = (
				04B39D1C25D43E34003EDECE /* StudentInfoTableViewCell.swift */,
				04B39D1D25D43E34003EDECE /* StudentInfoTableViewCell.xib */,
				0433E3A725D54B09002A6BE5 /* ReportTableViewCell.swift */,
				0433E3A825D54B09002A6BE5 /* ReportTableViewCell.xib */,
				0433E3AD25D5584B002A6BE5 /* StudentViewController.swift */,
				04B39D1825D43D57003EDECE /* StudentDetailViewController.swift */,
				0433E3A425D54709002A6BE5 /* Report.swift */,
			);
			path = StudentInfo;
			sourceTree = "<group>";
		};
		1BD9EE3F25D3AC8F001560A3 /* Calendar&Schedule */ = {
			isa = PBXGroup;
			children = (
				1BED6EBB25D1749100E912C6 /* Schedule.swift */,
				1B55D80625D40008006BAE51 /* CalendarViewController.swift */,
				1B55D80925D41365006BAE51 /* EventViewController.swift */,
				1B3C0C7625DA9D55009903AB /* DetailViewController.swift */,
				1B55D80325D3FFD9006BAE51 /* Event.swift */,
			);
			path = "Calendar&Schedule";
			sourceTree = "<group>";
		};
		4BCE1EAC3475CBE8D25AB8B3 /* Pods */ = {
			isa = PBXGroup;
			children = (
				DA086042A27D7B93DB7D0EC3 /* Pods-iProjectTeacher.debug.xcconfig */,
				DAA621FD172288AB5F2AF65B /* Pods-iProjectTeacher.release.xcconfig */,
			);
			path = Pods;
			sourceTree = "<group>";
		};
		7A2EFDE62C9F70A5F6941F35 /* Frameworks */ = {
			isa = PBXGroup;
			children = (
				D3759B1903BBE7A837BFD9A5 /* Pods_iProjectTeacher.framework */,
			);
			name = Frameworks;
			sourceTree = "<group>";
		};
/* End PBXGroup section */

/* Begin PBXNativeTarget section */
		04A7E96725AF2B4900C0F43C /* iProjectTeacher */ = {
			isa = PBXNativeTarget;
			buildConfigurationList = 04A7E97C25AF2B4A00C0F43C /* Build configuration list for PBXNativeTarget "iProjectTeacher" */;
			buildPhases = (
				4956830B03E0812F44DDAABE /* [CP] Check Pods Manifest.lock */,
				04A7E96425AF2B4900C0F43C /* Sources */,
				04A7E96525AF2B4900C0F43C /* Frameworks */,
				04A7E96625AF2B4900C0F43C /* Resources */,
				647D2F47F730C6FF2F5A298D /* [CP] Embed Pods Frameworks */,
			);
			buildRules = (
			);
			dependencies = (
			);
			name = iProjectTeacher;
			productName = iProjectTeacher;
			productReference = 04A7E96825AF2B4900C0F43C /* iProjectTeacher.app */;
			productType = "com.apple.product-type.application";
		};
/* End PBXNativeTarget section */

/* Begin PBXProject section */
		04A7E96025AF2B4900C0F43C /* Project object */ = {
			isa = PBXProject;
			attributes = {
				LastSwiftUpdateCheck = 1150;
				LastUpgradeCheck = 1150;
				ORGANIZATIONNAME = Tanaka_Yoshihisa_4413;
				TargetAttributes = {
					04A7E96725AF2B4900C0F43C = {
						CreatedOnToolsVersion = 11.5;
					};
				};
			};
			buildConfigurationList = 04A7E96325AF2B4900C0F43C /* Build configuration list for PBXProject "iProjectTeacher" */;
			compatibilityVersion = "Xcode 9.3";
			developmentRegion = en;
			hasScannedForEncodings = 0;
			knownRegions = (
				en,
				Base,
			);
			mainGroup = 04A7E95F25AF2B4900C0F43C;
			productRefGroup = 04A7E96925AF2B4900C0F43C /* Products */;
			projectDirPath = "";
			projectRoot = "";
			targets = (
				04A7E96725AF2B4900C0F43C /* iProjectTeacher */,
			);
		};
/* End PBXProject section */

/* Begin PBXResourcesBuildPhase section */
		04A7E96625AF2B4900C0F43C /* Resources */ = {
			isa = PBXResourcesBuildPhase;
			buildActionMask = 2147483647;
			files = (
				04A7E97825AF2B4A00C0F43C /* LaunchScreen.storyboard in Resources */,
				04A7E97525AF2B4A00C0F43C /* Assets.xcassets in Resources */,
				047C4E3825C858C40082807A /* Icon-App-29x29@3x.png in Resources */,
				0459388F25D149CC00A0E3C8 /* teacherNoImage.png in Resources */,
				043A9DB725D80D1600587B0E /* SignIn.storyboard in Resources */,
				047C4E3925C858C40082807A /* Icon-App-40x40@2x.png in Resources */,
				049C840725C695F000D4D380 /* Opening.storyboard in Resources */,
				047C4E3025C858C40082807A /* Icon-App-29x29@1x.png in Resources */,
				047C4E3C25C858C40082807A /* Icon-App-76x76@1x.png in Resources */,
				04A7E97325AF2B4900C0F43C /* Main.storyboard in Resources */,
				047C4E3F25C858C40082807A /* README.md in Resources */,
				04B39D1F25D43E34003EDECE /* StudentInfoTableViewCell.xib in Resources */,
				0459388D25D149C900A0E3C8 /* studentNoImage.png in Resources */,
				047C4E3225C858C40082807A /* Icon-App-20x20@1x.png in Resources */,
				047C4E3125C858C40082807A /* Icon-App-40x40@1x.png in Resources */,
				047C4E2F25C858C40082807A /* Icon-App-76x76@2x.png in Resources */,
				047C4E4125C858C40082807A /* iTunesArtwork@3x.png in Resources */,
				0433E3AA25D54B09002A6BE5 /* ReportTableViewCell.xib in Resources */,
				047C4E3D25C858C40082807A /* Icon-App-40x40@3x.png in Resources */,
				047C4E3E25C858C40082807A /* Icon-App-29x29@2x.png in Resources */,
				047C4E4025C858C40082807A /* iTunesArtwork@2x.png in Resources */,
				047C4E3325C858C40082807A /* Icon-App-83.5x83.5@2x.png in Resources */,
				0459388B25D149C600A0E3C8 /* creating.png in Resources */,
				047C4E2E25C858C40082807A /* iTunesArtwork@1x.png in Resources */,
				047C4E3B25C858C40082807A /* Icon-App-60x60@2x.png in Resources */,
				047C4E3425C858C40082807A /* Icon-App-20x20@3x.png in Resources */,
				047C4E3525C858C40082807A /* ItunesArtwork@2x.png in Resources */,
				047C4E3725C858C40082807A /* Icon-App-20x20@2x.png in Resources */,
				047C4E3A25C858C40082807A /* Icon-App-60x60@3x.png in Resources */,
				047C4E3625C858C40082807A /* Contents.json in Resources */,
			);
			runOnlyForDeploymentPostprocessing = 0;
		};
/* End PBXResourcesBuildPhase section */

/* Begin PBXShellScriptBuildPhase section */
		4956830B03E0812F44DDAABE /* [CP] Check Pods Manifest.lock */ = {
			isa = PBXShellScriptBuildPhase;
			buildActionMask = 2147483647;
			files = (
			);
			inputFileListPaths = (
			);
			inputPaths = (
				"${PODS_PODFILE_DIR_PATH}/Podfile.lock",
				"${PODS_ROOT}/Manifest.lock",
			);
			name = "[CP] Check Pods Manifest.lock";
			outputFileListPaths = (
			);
			outputPaths = (
				"$(DERIVED_FILE_DIR)/Pods-iProjectTeacher-checkManifestLockResult.txt",
			);
			runOnlyForDeploymentPostprocessing = 0;
			shellPath = /bin/sh;
			shellScript = "diff \"${PODS_PODFILE_DIR_PATH}/Podfile.lock\" \"${PODS_ROOT}/Manifest.lock\" > /dev/null\nif [ $? != 0 ] ; then\n    # print error to STDERR\n    echo \"error: The sandbox is not in sync with the Podfile.lock. Run 'pod install' or update your CocoaPods installation.\" >&2\n    exit 1\nfi\n# This output is used by Xcode 'outputs' to avoid re-running this script phase.\necho \"SUCCESS\" > \"${SCRIPT_OUTPUT_FILE_0}\"\n";
			showEnvVarsInLog = 0;
		};
		647D2F47F730C6FF2F5A298D /* [CP] Embed Pods Frameworks */ = {
			isa = PBXShellScriptBuildPhase;
			buildActionMask = 2147483647;
			files = (
			);
			inputFileListPaths = (
				"${PODS_ROOT}/Target Support Files/Pods-iProjectTeacher/Pods-iProjectTeacher-frameworks-${CONFIGURATION}-input-files.xcfilelist",
			);
			name = "[CP] Embed Pods Frameworks";
			outputFileListPaths = (
				"${PODS_ROOT}/Target Support Files/Pods-iProjectTeacher/Pods-iProjectTeacher-frameworks-${CONFIGURATION}-output-files.xcfilelist",
			);
			runOnlyForDeploymentPostprocessing = 0;
			shellPath = /bin/sh;
			shellScript = "\"${PODS_ROOT}/Target Support Files/Pods-iProjectTeacher/Pods-iProjectTeacher-frameworks.sh\"\n";
			showEnvVarsInLog = 0;
		};
/* End PBXShellScriptBuildPhase section */

/* Begin PBXSourcesBuildPhase section */
		04A7E96425AF2B4900C0F43C /* Sources */ = {
			isa = PBXSourcesBuildPhase;
			buildActionMask = 2147483647;
			files = (
				04744BAD25D0F3570043BCCF /* CheckAddress.swift in Sources */,
				04A7E97025AF2B4900C0F43C /* ViewController.swift in Sources */,
				1B55D80A25D41365006BAE51 /* EventViewController.swift in Sources */,
				04A7E96C25AF2B4900C0F43C /* AppDelegate.swift in Sources */,
				1B55D80725D40008006BAE51 /* CalendarViewController.swift in Sources */,
				049C840425C695F000D4D380 /* ScreenSize.swift in Sources */,
				043A9DB625D80D1600587B0E /* UserPageViewController.swift in Sources */,
				04ACB8B525DB2A7200916C15 /* GlobalParameters.swift in Sources */,
				0433E3A525D54709002A6BE5 /* Report.swift in Sources */,
				04A7E96E25AF2B4900C0F43C /* SceneDelegate.swift in Sources */,
				04B39D1E25D43E34003EDECE /* StudentInfoTableViewCell.swift in Sources */,
				04EA678F25BC8A8F005F0D06 /* User.swift in Sources */,
				1B3C0C7725DA9D55009903AB /* DetailViewController.swift in Sources */,
				1BED6EBC25D1749200E912C6 /* Schedule.swift in Sources */,
				0433E3A925D54B09002A6BE5 /* ReportTableViewCell.swift in Sources */,
				049C840525C695F000D4D380 /* Opening1ViewController.swift in Sources */,
				049C840625C695F000D4D380 /* Opening2ViewController.swift in Sources */,
				043A9DB525D80D1600587B0E /* SignUpViewController.swift in Sources */,
				04B39D1925D43D57003EDECE /* StudentDetailViewController.swift in Sources */,
				0433E3AE25D5584B002A6BE5 /* StudentViewController.swift in Sources */,
				043A9DB825D80D1600587B0E /* SignInViewController.swift in Sources */,
				04A7E98425AF2D0500C0F43C /* Extensions.swift in Sources */,
				1B55D80425D3FFD9006BAE51 /* Event.swift in Sources */,
			);
			runOnlyForDeploymentPostprocessing = 0;
		};
/* End PBXSourcesBuildPhase section */

/* Begin PBXVariantGroup section */
		04A7E97125AF2B4900C0F43C /* Main.storyboard */ = {
			isa = PBXVariantGroup;
			children = (
				04A7E97225AF2B4900C0F43C /* Base */,
			);
			name = Main.storyboard;
			sourceTree = "<group>";
		};
		04A7E97625AF2B4A00C0F43C /* LaunchScreen.storyboard */ = {
			isa = PBXVariantGroup;
			children = (
				04A7E97725AF2B4A00C0F43C /* Base */,
			);
			name = LaunchScreen.storyboard;
			sourceTree = "<group>";
		};
/* End PBXVariantGroup section */

/* Begin XCBuildConfiguration section */
		04A7E97A25AF2B4A00C0F43C /* Debug */ = {
			isa = XCBuildConfiguration;
			buildSettings = {
				ALWAYS_SEARCH_USER_PATHS = NO;
				CLANG_ANALYZER_NONNULL = YES;
				CLANG_ANALYZER_NUMBER_OBJECT_CONVERSION = YES_AGGRESSIVE;
				CLANG_CXX_LANGUAGE_STANDARD = "gnu++14";
				CLANG_CXX_LIBRARY = "libc++";
				CLANG_ENABLE_MODULES = YES;
				CLANG_ENABLE_OBJC_ARC = YES;
				CLANG_ENABLE_OBJC_WEAK = YES;
				CLANG_WARN_BLOCK_CAPTURE_AUTORELEASING = YES;
				CLANG_WARN_BOOL_CONVERSION = YES;
				CLANG_WARN_COMMA = YES;
				CLANG_WARN_CONSTANT_CONVERSION = YES;
				CLANG_WARN_DEPRECATED_OBJC_IMPLEMENTATIONS = YES;
				CLANG_WARN_DIRECT_OBJC_ISA_USAGE = YES_ERROR;
				CLANG_WARN_DOCUMENTATION_COMMENTS = YES;
				CLANG_WARN_EMPTY_BODY = YES;
				CLANG_WARN_ENUM_CONVERSION = YES;
				CLANG_WARN_INFINITE_RECURSION = YES;
				CLANG_WARN_INT_CONVERSION = YES;
				CLANG_WARN_NON_LITERAL_NULL_CONVERSION = YES;
				CLANG_WARN_OBJC_IMPLICIT_RETAIN_SELF = YES;
				CLANG_WARN_OBJC_LITERAL_CONVERSION = YES;
				CLANG_WARN_OBJC_ROOT_CLASS = YES_ERROR;
				CLANG_WARN_RANGE_LOOP_ANALYSIS = YES;
				CLANG_WARN_STRICT_PROTOTYPES = YES;
				CLANG_WARN_SUSPICIOUS_MOVE = YES;
				CLANG_WARN_UNGUARDED_AVAILABILITY = YES_AGGRESSIVE;
				CLANG_WARN_UNREACHABLE_CODE = YES;
				CLANG_WARN__DUPLICATE_METHOD_MATCH = YES;
				COPY_PHASE_STRIP = NO;
				DEBUG_INFORMATION_FORMAT = dwarf;
				ENABLE_STRICT_OBJC_MSGSEND = YES;
				ENABLE_TESTABILITY = YES;
				GCC_C_LANGUAGE_STANDARD = gnu11;
				GCC_DYNAMIC_NO_PIC = NO;
				GCC_NO_COMMON_BLOCKS = YES;
				GCC_OPTIMIZATION_LEVEL = 0;
				GCC_PREPROCESSOR_DEFINITIONS = (
					"DEBUG=1",
					"$(inherited)",
				);
				GCC_WARN_64_TO_32_BIT_CONVERSION = YES;
				GCC_WARN_ABOUT_RETURN_TYPE = YES_ERROR;
				GCC_WARN_UNDECLARED_SELECTOR = YES;
				GCC_WARN_UNINITIALIZED_AUTOS = YES_AGGRESSIVE;
				GCC_WARN_UNUSED_FUNCTION = YES;
				GCC_WARN_UNUSED_VARIABLE = YES;
				IPHONEOS_DEPLOYMENT_TARGET = 13.5;
				MTL_ENABLE_DEBUG_INFO = INCLUDE_SOURCE;
				MTL_FAST_MATH = YES;
				ONLY_ACTIVE_ARCH = YES;
				SDKROOT = iphoneos;
				SWIFT_ACTIVE_COMPILATION_CONDITIONS = DEBUG;
				SWIFT_OPTIMIZATION_LEVEL = "-Onone";
			};
			name = Debug;
		};
		04A7E97B25AF2B4A00C0F43C /* Release */ = {
			isa = XCBuildConfiguration;
			buildSettings = {
				ALWAYS_SEARCH_USER_PATHS = NO;
				CLANG_ANALYZER_NONNULL = YES;
				CLANG_ANALYZER_NUMBER_OBJECT_CONVERSION = YES_AGGRESSIVE;
				CLANG_CXX_LANGUAGE_STANDARD = "gnu++14";
				CLANG_CXX_LIBRARY = "libc++";
				CLANG_ENABLE_MODULES = YES;
				CLANG_ENABLE_OBJC_ARC = YES;
				CLANG_ENABLE_OBJC_WEAK = YES;
				CLANG_WARN_BLOCK_CAPTURE_AUTORELEASING = YES;
				CLANG_WARN_BOOL_CONVERSION = YES;
				CLANG_WARN_COMMA = YES;
				CLANG_WARN_CONSTANT_CONVERSION = YES;
				CLANG_WARN_DEPRECATED_OBJC_IMPLEMENTATIONS = YES;
				CLANG_WARN_DIRECT_OBJC_ISA_USAGE = YES_ERROR;
				CLANG_WARN_DOCUMENTATION_COMMENTS = YES;
				CLANG_WARN_EMPTY_BODY = YES;
				CLANG_WARN_ENUM_CONVERSION = YES;
				CLANG_WARN_INFINITE_RECURSION = YES;
				CLANG_WARN_INT_CONVERSION = YES;
				CLANG_WARN_NON_LITERAL_NULL_CONVERSION = YES;
				CLANG_WARN_OBJC_IMPLICIT_RETAIN_SELF = YES;
				CLANG_WARN_OBJC_LITERAL_CONVERSION = YES;
				CLANG_WARN_OBJC_ROOT_CLASS = YES_ERROR;
				CLANG_WARN_RANGE_LOOP_ANALYSIS = YES;
				CLANG_WARN_STRICT_PROTOTYPES = YES;
				CLANG_WARN_SUSPICIOUS_MOVE = YES;
				CLANG_WARN_UNGUARDED_AVAILABILITY = YES_AGGRESSIVE;
				CLANG_WARN_UNREACHABLE_CODE = YES;
				CLANG_WARN__DUPLICATE_METHOD_MATCH = YES;
				COPY_PHASE_STRIP = NO;
				DEBUG_INFORMATION_FORMAT = "dwarf-with-dsym";
				ENABLE_NS_ASSERTIONS = NO;
				ENABLE_STRICT_OBJC_MSGSEND = YES;
				GCC_C_LANGUAGE_STANDARD = gnu11;
				GCC_NO_COMMON_BLOCKS = YES;
				GCC_WARN_64_TO_32_BIT_CONVERSION = YES;
				GCC_WARN_ABOUT_RETURN_TYPE = YES_ERROR;
				GCC_WARN_UNDECLARED_SELECTOR = YES;
				GCC_WARN_UNINITIALIZED_AUTOS = YES_AGGRESSIVE;
				GCC_WARN_UNUSED_FUNCTION = YES;
				GCC_WARN_UNUSED_VARIABLE = YES;
				IPHONEOS_DEPLOYMENT_TARGET = 13.5;
				MTL_ENABLE_DEBUG_INFO = NO;
				MTL_FAST_MATH = YES;
				SDKROOT = iphoneos;
				SWIFT_COMPILATION_MODE = wholemodule;
				SWIFT_OPTIMIZATION_LEVEL = "-O";
				VALIDATE_PRODUCT = YES;
			};
			name = Release;
		};
		04A7E97D25AF2B4A00C0F43C /* Debug */ = {
			isa = XCBuildConfiguration;
			baseConfigurationReference = DA086042A27D7B93DB7D0EC3 /* Pods-iProjectTeacher.debug.xcconfig */;
			buildSettings = {
				ASSETCATALOG_COMPILER_APPICON_NAME = AppIcon;
				CODE_SIGN_STYLE = Automatic;
				INFOPLIST_FILE = iProjectTeacher/Info.plist;
				LD_RUNPATH_SEARCH_PATHS = (
					"$(inherited)",
					"@executable_path/Frameworks",
				);
				PRODUCT_BUNDLE_IDENTIFIER = tanaka.iProjectTeacher;
				PRODUCT_NAME = "$(TARGET_NAME)";
				SWIFT_VERSION = 5.0;
				TARGETED_DEVICE_FAMILY = "1,2";
			};
			name = Debug;
		};
		04A7E97E25AF2B4A00C0F43C /* Release */ = {
			isa = XCBuildConfiguration;
			baseConfigurationReference = DAA621FD172288AB5F2AF65B /* Pods-iProjectTeacher.release.xcconfig */;
			buildSettings = {
				ASSETCATALOG_COMPILER_APPICON_NAME = AppIcon;
				CODE_SIGN_STYLE = Automatic;
				INFOPLIST_FILE = iProjectTeacher/Info.plist;
				LD_RUNPATH_SEARCH_PATHS = (
					"$(inherited)",
					"@executable_path/Frameworks",
				);
				PRODUCT_BUNDLE_IDENTIFIER = tanaka.iProjectTeacher;
				PRODUCT_NAME = "$(TARGET_NAME)";
				SWIFT_VERSION = 5.0;
				TARGETED_DEVICE_FAMILY = "1,2";
			};
			name = Release;
		};
/* End XCBuildConfiguration section */

/* Begin XCConfigurationList section */
		04A7E96325AF2B4900C0F43C /* Build configuration list for PBXProject "iProjectTeacher" */ = {
			isa = XCConfigurationList;
			buildConfigurations = (
				04A7E97A25AF2B4A00C0F43C /* Debug */,
				04A7E97B25AF2B4A00C0F43C /* Release */,
			);
			defaultConfigurationIsVisible = 0;
			defaultConfigurationName = Release;
		};
		04A7E97C25AF2B4A00C0F43C /* Build configuration list for PBXNativeTarget "iProjectTeacher" */ = {
			isa = XCConfigurationList;
			buildConfigurations = (
				04A7E97D25AF2B4A00C0F43C /* Debug */,
				04A7E97E25AF2B4A00C0F43C /* Release */,
			);
			defaultConfigurationIsVisible = 0;
			defaultConfigurationName = Release;
		};
/* End XCConfigurationList section */
	};
	rootObject = 04A7E96025AF2B4900C0F43C /* Project object */;
}
